Microsoft Visual Studio Solution File, Format Version 12.00
# Visual Studio 14
VisualStudioVersion = 14.0.24720.0
MinimumVisualStudioVersion = 10.0.40219.1
Project("{2150E333-8FDC-42A3-9474-1A3956D46DE8}") = ".paket", ".paket", "{63297B98-5CED-492C-A5B7-A5B4F73CF142}"
	ProjectSection(SolutionItems) = preProject
		paket.dependencies = paket.dependencies
		paket.lock = paket.lock
	EndProjectSection
EndProject
Project("{2150E333-8FDC-42A3-9474-1A3956D46DE8}") = "docs", "docs", "{A6A6AF7D-D6E3-442D-9B1E-58CC91879BE1}"
EndProject
Project("{2150E333-8FDC-42A3-9474-1A3956D46DE8}") = "project", "project", "{BF60BC93-E09B-4E5F-9D85-95A519479D54}"
	ProjectSection(SolutionItems) = preProject
		build.fsx = build.fsx
		README.md = README.md
		RELEASE_NOTES.md = RELEASE_NOTES.md
	EndProjectSection
EndProject
Project("{2150E333-8FDC-42A3-9474-1A3956D46DE8}") = "tools", "tools", "{83F16175-43B1-4C90-A1EE-8E351C33435D}"
	ProjectSection(SolutionItems) = preProject
		docs\tools\generate.fsx = docs\tools\generate.fsx
		docs\tools\templates\template.cshtml = docs\tools\templates\template.cshtml
	EndProjectSection
EndProject
Project("{2150E333-8FDC-42A3-9474-1A3956D46DE8}") = "content", "content", "{8E6D5255-776D-4B61-85F9-73C37AA1FB9A}"
	ProjectSection(SolutionItems) = preProject
		docs\content\index.fsx = docs\content\index.fsx
		docs\content\tutorial.fsx = docs\content\tutorial.fsx
	EndProjectSection
EndProject
Project("{2150E333-8FDC-42A3-9474-1A3956D46DE8}") = "tests", "tests", "{ED8079DD-2B06-4030-9F0F-DC548F98E1C4}"
EndProject
Project("{F2A71F9B-5D33-465A-A702-920D77279786}") = "Brahma.FSharp.OpenCL.Tests", "tests\Brahma.FSharp.OpenCL.Tests\Brahma.FSharp.OpenCL.Tests.fsproj", "{73882D44-0194-400A-BCE4-F29D66417DE0}"
EndProject
Project("{F2A71F9B-5D33-465A-A702-920D77279786}") = "Brahman.Test", "tests\Brahman.Tests\Brahman.Test.fsproj", "{4E3137B9-DD0A-426A-A0D3-90C21EC1811E}"
EndProject
Project("{2150E333-8FDC-42A3-9474-1A3956D46DE8}") = "Core", "Core", "{25E14FB9-7440-42DF-8166-7CD7A9ECDBE1}"
EndProject
Project("{FAE04EC0-301F-11D3-BF4B-00C04F79EFBC}") = "Brahma", "src\Brahma\Brahma.csproj", "{0E731438-DD9E-4444-950D-EF2DE31D3E97}"
EndProject
Project("{F2A71F9B-5D33-465A-A702-920D77279786}") = "Brahma.FSharp.OpenCL.AST", "src\Brahma.FSharp.OpenCL.AST\Brahma.FSharp.OpenCL.AST.fsproj", "{E0388E66-E36C-4ECA-ADCC-BFD115820C25}"
EndProject
Project("{F2A71F9B-5D33-465A-A702-920D77279786}") = "Brahma.FSharp.OpenCL.Core", "src\Brahma.FSharp.OpenCL.Core\Brahma.FSharp.OpenCL.Core.fsproj", "{CBBC6D5C-5051-4D66-B616-A59A52A1A3F5}"
EndProject
Project("{F2A71F9B-5D33-465A-A702-920D77279786}") = "Brahma.FSharp.OpenCL.Extensions", "src\Brahma.FSharp.OpenCL.Extensions\Brahma.FSharp.OpenCL.Extensions.fsproj", "{4903D3E4-F6DD-49B8-998B-470277120271}"
EndProject
Project("{F2A71F9B-5D33-465A-A702-920D77279786}") = "Brahma.FSharp.OpenCL.Printer", "src\Brahma.FSharp.OpenCL.Printer\Brahma.FSharp.OpenCL.Printer.fsproj", "{F43CAB12-684E-4F92-938B-4E98B8284DAA}"
EndProject
Project("{F2A71F9B-5D33-465A-A702-920D77279786}") = "Brahma.FSharp.OpenCL.Translator", "src\Brahma.FSharp.OpenCL.Translator\Brahma.FSharp.OpenCL.Translator.fsproj", "{BBB08EB4-A2AE-430B-A29C-3B3446F69A6D}"
EndProject
Project("{FAE04EC0-301F-11D3-BF4B-00C04F79EFBC}") = "Brahma.OpenCL", "src\Brahma.OpenCL\Brahma.OpenCL.csproj", "{1F52ECB5-6CD2-4D76-A4B7-A23131C9D195}"
EndProject
Project("{FAE04EC0-301F-11D3-BF4B-00C04F79EFBC}") = "Brahma.Helpers", "src\Brahma.Helpers\Brahma.Helpers.csproj", "{C46DE069-F581-4AFE-BE34-387C5D46DDEF}"
EndProject
Project("{2150E333-8FDC-42A3-9474-1A3956D46DE8}") = "StringMatching", "StringMatching", "{53FE49B3-9DC2-41B9-AD20-F037DFF2070D}"
EndProject
Project("{F2A71F9B-5D33-465A-A702-920D77279786}") = "Brahman.Runner", "src\Brahman.Runner\Brahman.Runner.fsproj", "{06AF6F48-A711-47F3-BADD-D582254473FA}"
EndProject
Project("{FAE04EC0-301F-11D3-BF4B-00C04F79EFBC}") = "Brahman.Runner.CS", "src\Brahman.Runner.CS\Brahman.Runner.CS.csproj", "{89C75587-E3FF-4CDA-93C4-9725081766ED}"
EndProject
Project("{F2A71F9B-5D33-465A-A702-920D77279786}") = "Brahman.Substrings", "src\Brahman.Substrings\Brahman.Substrings.fsproj", "{EF36E48C-A9D2-464E-8EFD-CBD050E0A2DC}"
EndProject
Project("{2150E333-8FDC-42A3-9474-1A3956D46DE8}") = "Agents", "Agents", "{75EE1B05-083A-41B6-8DF4-745FD8EEAC1C}"
EndProject
Project("{F2A71F9B-5D33-465A-A702-920D77279786}") = "Brahma.Agents", "src\Brahma.Agents\Brahma.Agents.fsproj", "{DFD428F8-3698-4ED4-9D08-09D4EAD512D6}"
EndProject
Project("{2150E333-8FDC-42A3-9474-1A3956D46DE8}") = "Samples", "Samples", "{70480995-4AAA-4077-ADB9-B5ACC31BFA4E}"
EndProject
Project("{F2A71F9B-5D33-465A-A702-920D77279786}") = "BlackScholes", "src\BlackScholes\BlackScholes.fsproj", "{0A633FC7-B805-49D6-8597-0E86E566C972}"
EndProject
Project("{F2A71F9B-5D33-465A-A702-920D77279786}") = "ArraySum", "src\ArraySum\ArraySum.fsproj", "{571CC936-D324-431E-A671-1131C2525A15}"
EndProject
Project("{F2A71F9B-5D33-465A-A702-920D77279786}") = "MatrixMultiply", "src\MatrixMultiply\MatrixMultiply.fsproj", "{D51DAF7E-094E-45E7-AC6B-BE22DF1C4B4A}"
EndProject
Global
	GlobalSection(SolutionConfigurationPlatforms) = preSolution
		Debug|Any CPU = Debug|Any CPU
		Debug|x64 = Debug|x64
		Debug|x86 = Debug|x86
		Release|Any CPU = Release|Any CPU
		Release|x64 = Release|x64
		Release|x86 = Release|x86
	EndGlobalSection
	GlobalSection(ProjectConfigurationPlatforms) = postSolution
		{73882D44-0194-400A-BCE4-F29D66417DE0}.Debug|Any CPU.ActiveCfg = Debug|Any CPU
		{73882D44-0194-400A-BCE4-F29D66417DE0}.Debug|Any CPU.Build.0 = Debug|Any CPU
		{73882D44-0194-400A-BCE4-F29D66417DE0}.Debug|x64.ActiveCfg = Debug|Any CPU
		{73882D44-0194-400A-BCE4-F29D66417DE0}.Debug|x64.Build.0 = Debug|Any CPU
		{73882D44-0194-400A-BCE4-F29D66417DE0}.Debug|x86.ActiveCfg = Debug|Any CPU
		{73882D44-0194-400A-BCE4-F29D66417DE0}.Debug|x86.Build.0 = Debug|Any CPU
		{73882D44-0194-400A-BCE4-F29D66417DE0}.Release|Any CPU.ActiveCfg = Release|Any CPU
		{73882D44-0194-400A-BCE4-F29D66417DE0}.Release|Any CPU.Build.0 = Release|Any CPU
		{73882D44-0194-400A-BCE4-F29D66417DE0}.Release|x64.ActiveCfg = Release|Any CPU
		{73882D44-0194-400A-BCE4-F29D66417DE0}.Release|x64.Build.0 = Release|Any CPU
		{73882D44-0194-400A-BCE4-F29D66417DE0}.Release|x86.ActiveCfg = Release|Any CPU
		{73882D44-0194-400A-BCE4-F29D66417DE0}.Release|x86.Build.0 = Release|Any CPU
		{4E3137B9-DD0A-426A-A0D3-90C21EC1811E}.Debug|Any CPU.ActiveCfg = Debug|Any CPU
		{4E3137B9-DD0A-426A-A0D3-90C21EC1811E}.Debug|Any CPU.Build.0 = Debug|Any CPU
		{4E3137B9-DD0A-426A-A0D3-90C21EC1811E}.Debug|x64.ActiveCfg = Debug|Any CPU
		{4E3137B9-DD0A-426A-A0D3-90C21EC1811E}.Debug|x64.Build.0 = Debug|Any CPU
		{4E3137B9-DD0A-426A-A0D3-90C21EC1811E}.Debug|x86.ActiveCfg = Debug|Any CPU
		{4E3137B9-DD0A-426A-A0D3-90C21EC1811E}.Debug|x86.Build.0 = Debug|Any CPU
		{4E3137B9-DD0A-426A-A0D3-90C21EC1811E}.Release|Any CPU.ActiveCfg = Release|Any CPU
		{4E3137B9-DD0A-426A-A0D3-90C21EC1811E}.Release|Any CPU.Build.0 = Release|Any CPU
		{4E3137B9-DD0A-426A-A0D3-90C21EC1811E}.Release|x64.ActiveCfg = Release|Any CPU
		{4E3137B9-DD0A-426A-A0D3-90C21EC1811E}.Release|x64.Build.0 = Release|Any CPU
		{4E3137B9-DD0A-426A-A0D3-90C21EC1811E}.Release|x86.ActiveCfg = Release|Any CPU
		{4E3137B9-DD0A-426A-A0D3-90C21EC1811E}.Release|x86.Build.0 = Release|Any CPU
		{0E731438-DD9E-4444-950D-EF2DE31D3E97}.Debug|Any CPU.ActiveCfg = Debug|Any CPU
		{0E731438-DD9E-4444-950D-EF2DE31D3E97}.Debug|Any CPU.Build.0 = Debug|Any CPU
		{0E731438-DD9E-4444-950D-EF2DE31D3E97}.Debug|x64.ActiveCfg = Debug|Any CPU
		{0E731438-DD9E-4444-950D-EF2DE31D3E97}.Debug|x64.Build.0 = Debug|Any CPU
		{0E731438-DD9E-4444-950D-EF2DE31D3E97}.Debug|x86.ActiveCfg = Debug|Any CPU
		{0E731438-DD9E-4444-950D-EF2DE31D3E97}.Debug|x86.Build.0 = Debug|Any CPU
		{0E731438-DD9E-4444-950D-EF2DE31D3E97}.Release|Any CPU.ActiveCfg = Release|Any CPU
		{0E731438-DD9E-4444-950D-EF2DE31D3E97}.Release|Any CPU.Build.0 = Release|Any CPU
		{0E731438-DD9E-4444-950D-EF2DE31D3E97}.Release|x64.ActiveCfg = Release|Any CPU
		{0E731438-DD9E-4444-950D-EF2DE31D3E97}.Release|x64.Build.0 = Release|Any CPU
		{0E731438-DD9E-4444-950D-EF2DE31D3E97}.Release|x86.ActiveCfg = Release|Any CPU
		{0E731438-DD9E-4444-950D-EF2DE31D3E97}.Release|x86.Build.0 = Release|Any CPU
		{E0388E66-E36C-4ECA-ADCC-BFD115820C25}.Debug|Any CPU.ActiveCfg = Debug|Any CPU
		{E0388E66-E36C-4ECA-ADCC-BFD115820C25}.Debug|Any CPU.Build.0 = Debug|Any CPU
		{E0388E66-E36C-4ECA-ADCC-BFD115820C25}.Debug|x64.ActiveCfg = Debug|Any CPU
		{E0388E66-E36C-4ECA-ADCC-BFD115820C25}.Debug|x64.Build.0 = Debug|Any CPU
		{E0388E66-E36C-4ECA-ADCC-BFD115820C25}.Debug|x86.ActiveCfg = Debug|Any CPU
		{E0388E66-E36C-4ECA-ADCC-BFD115820C25}.Debug|x86.Build.0 = Debug|Any CPU
		{E0388E66-E36C-4ECA-ADCC-BFD115820C25}.Release|Any CPU.ActiveCfg = Release|Any CPU
		{E0388E66-E36C-4ECA-ADCC-BFD115820C25}.Release|Any CPU.Build.0 = Release|Any CPU
		{E0388E66-E36C-4ECA-ADCC-BFD115820C25}.Release|x64.ActiveCfg = Release|Any CPU
		{E0388E66-E36C-4ECA-ADCC-BFD115820C25}.Release|x64.Build.0 = Release|Any CPU
		{E0388E66-E36C-4ECA-ADCC-BFD115820C25}.Release|x86.ActiveCfg = Release|Any CPU
		{E0388E66-E36C-4ECA-ADCC-BFD115820C25}.Release|x86.Build.0 = Release|Any CPU
		{CBBC6D5C-5051-4D66-B616-A59A52A1A3F5}.Debug|Any CPU.ActiveCfg = Debug|Any CPU
		{CBBC6D5C-5051-4D66-B616-A59A52A1A3F5}.Debug|Any CPU.Build.0 = Debug|Any CPU
		{CBBC6D5C-5051-4D66-B616-A59A52A1A3F5}.Debug|x64.ActiveCfg = Debug|Any CPU
		{CBBC6D5C-5051-4D66-B616-A59A52A1A3F5}.Debug|x64.Build.0 = Debug|Any CPU
		{CBBC6D5C-5051-4D66-B616-A59A52A1A3F5}.Debug|x86.ActiveCfg = Debug|Any CPU
		{CBBC6D5C-5051-4D66-B616-A59A52A1A3F5}.Debug|x86.Build.0 = Debug|Any CPU
		{CBBC6D5C-5051-4D66-B616-A59A52A1A3F5}.Release|Any CPU.ActiveCfg = Release|Any CPU
		{CBBC6D5C-5051-4D66-B616-A59A52A1A3F5}.Release|Any CPU.Build.0 = Release|Any CPU
		{CBBC6D5C-5051-4D66-B616-A59A52A1A3F5}.Release|x64.ActiveCfg = Release|Any CPU
		{CBBC6D5C-5051-4D66-B616-A59A52A1A3F5}.Release|x64.Build.0 = Release|Any CPU
		{CBBC6D5C-5051-4D66-B616-A59A52A1A3F5}.Release|x86.ActiveCfg = Release|Any CPU
		{CBBC6D5C-5051-4D66-B616-A59A52A1A3F5}.Release|x86.Build.0 = Release|Any CPU
		{4903D3E4-F6DD-49B8-998B-470277120271}.Debug|Any CPU.ActiveCfg = Debug|Any CPU
		{4903D3E4-F6DD-49B8-998B-470277120271}.Debug|Any CPU.Build.0 = Debug|Any CPU
		{4903D3E4-F6DD-49B8-998B-470277120271}.Debug|x64.ActiveCfg = Debug|Any CPU
		{4903D3E4-F6DD-49B8-998B-470277120271}.Debug|x64.Build.0 = Debug|Any CPU
		{4903D3E4-F6DD-49B8-998B-470277120271}.Debug|x86.ActiveCfg = Debug|Any CPU
		{4903D3E4-F6DD-49B8-998B-470277120271}.Debug|x86.Build.0 = Debug|Any CPU
		{4903D3E4-F6DD-49B8-998B-470277120271}.Release|Any CPU.ActiveCfg = Release|Any CPU
		{4903D3E4-F6DD-49B8-998B-470277120271}.Release|Any CPU.Build.0 = Release|Any CPU
		{4903D3E4-F6DD-49B8-998B-470277120271}.Release|x64.ActiveCfg = Release|Any CPU
		{4903D3E4-F6DD-49B8-998B-470277120271}.Release|x64.Build.0 = Release|Any CPU
		{4903D3E4-F6DD-49B8-998B-470277120271}.Release|x86.ActiveCfg = Release|Any CPU
		{4903D3E4-F6DD-49B8-998B-470277120271}.Release|x86.Build.0 = Release|Any CPU
		{F43CAB12-684E-4F92-938B-4E98B8284DAA}.Debug|Any CPU.ActiveCfg = Debug|Any CPU
		{F43CAB12-684E-4F92-938B-4E98B8284DAA}.Debug|Any CPU.Build.0 = Debug|Any CPU
		{F43CAB12-684E-4F92-938B-4E98B8284DAA}.Debug|x64.ActiveCfg = Debug|Any CPU
		{F43CAB12-684E-4F92-938B-4E98B8284DAA}.Debug|x64.Build.0 = Debug|Any CPU
		{F43CAB12-684E-4F92-938B-4E98B8284DAA}.Debug|x86.ActiveCfg = Debug|Any CPU
		{F43CAB12-684E-4F92-938B-4E98B8284DAA}.Debug|x86.Build.0 = Debug|Any CPU
		{F43CAB12-684E-4F92-938B-4E98B8284DAA}.Release|Any CPU.ActiveCfg = Release|Any CPU
		{F43CAB12-684E-4F92-938B-4E98B8284DAA}.Release|Any CPU.Build.0 = Release|Any CPU
		{F43CAB12-684E-4F92-938B-4E98B8284DAA}.Release|x64.ActiveCfg = Release|Any CPU
		{F43CAB12-684E-4F92-938B-4E98B8284DAA}.Release|x64.Build.0 = Release|Any CPU
		{F43CAB12-684E-4F92-938B-4E98B8284DAA}.Release|x86.ActiveCfg = Release|Any CPU
		{F43CAB12-684E-4F92-938B-4E98B8284DAA}.Release|x86.Build.0 = Release|Any CPU
		{BBB08EB4-A2AE-430B-A29C-3B3446F69A6D}.Debug|Any CPU.ActiveCfg = Debug|Any CPU
		{BBB08EB4-A2AE-430B-A29C-3B3446F69A6D}.Debug|Any CPU.Build.0 = Debug|Any CPU
		{BBB08EB4-A2AE-430B-A29C-3B3446F69A6D}.Debug|x64.ActiveCfg = Debug|Any CPU
		{BBB08EB4-A2AE-430B-A29C-3B3446F69A6D}.Debug|x64.Build.0 = Debug|Any CPU
		{BBB08EB4-A2AE-430B-A29C-3B3446F69A6D}.Debug|x86.ActiveCfg = Debug|Any CPU
		{BBB08EB4-A2AE-430B-A29C-3B3446F69A6D}.Debug|x86.Build.0 = Debug|Any CPU
		{BBB08EB4-A2AE-430B-A29C-3B3446F69A6D}.Release|Any CPU.ActiveCfg = Release|Any CPU
		{BBB08EB4-A2AE-430B-A29C-3B3446F69A6D}.Release|Any CPU.Build.0 = Release|Any CPU
		{BBB08EB4-A2AE-430B-A29C-3B3446F69A6D}.Release|x64.ActiveCfg = Release|Any CPU
		{BBB08EB4-A2AE-430B-A29C-3B3446F69A6D}.Release|x64.Build.0 = Release|Any CPU
		{BBB08EB4-A2AE-430B-A29C-3B3446F69A6D}.Release|x86.ActiveCfg = Release|Any CPU
		{BBB08EB4-A2AE-430B-A29C-3B3446F69A6D}.Release|x86.Build.0 = Release|Any CPU
		{1F52ECB5-6CD2-4D76-A4B7-A23131C9D195}.Debug|Any CPU.ActiveCfg = Debug|Any CPU
		{1F52ECB5-6CD2-4D76-A4B7-A23131C9D195}.Debug|Any CPU.Build.0 = Debug|Any CPU
		{1F52ECB5-6CD2-4D76-A4B7-A23131C9D195}.Debug|x64.ActiveCfg = Debug|Any CPU
		{1F52ECB5-6CD2-4D76-A4B7-A23131C9D195}.Debug|x64.Build.0 = Debug|Any CPU
		{1F52ECB5-6CD2-4D76-A4B7-A23131C9D195}.Debug|x86.ActiveCfg = Debug|Any CPU
		{1F52ECB5-6CD2-4D76-A4B7-A23131C9D195}.Debug|x86.Build.0 = Debug|Any CPU
		{1F52ECB5-6CD2-4D76-A4B7-A23131C9D195}.Release|Any CPU.ActiveCfg = Release|Any CPU
		{1F52ECB5-6CD2-4D76-A4B7-A23131C9D195}.Release|Any CPU.Build.0 = Release|Any CPU
		{1F52ECB5-6CD2-4D76-A4B7-A23131C9D195}.Release|x64.ActiveCfg = Release|Any CPU
		{1F52ECB5-6CD2-4D76-A4B7-A23131C9D195}.Release|x64.Build.0 = Release|Any CPU
		{1F52ECB5-6CD2-4D76-A4B7-A23131C9D195}.Release|x86.ActiveCfg = Release|Any CPU
		{1F52ECB5-6CD2-4D76-A4B7-A23131C9D195}.Release|x86.Build.0 = Release|Any CPU
		{C46DE069-F581-4AFE-BE34-387C5D46DDEF}.Debug|Any CPU.ActiveCfg = Debug|Any CPU
		{C46DE069-F581-4AFE-BE34-387C5D46DDEF}.Debug|Any CPU.Build.0 = Debug|Any CPU
		{C46DE069-F581-4AFE-BE34-387C5D46DDEF}.Debug|x64.ActiveCfg = Debug|x64
		{C46DE069-F581-4AFE-BE34-387C5D46DDEF}.Debug|x64.Build.0 = Debug|x64
		{C46DE069-F581-4AFE-BE34-387C5D46DDEF}.Debug|x86.ActiveCfg = Debug|x86
		{C46DE069-F581-4AFE-BE34-387C5D46DDEF}.Debug|x86.Build.0 = Debug|x86
		{C46DE069-F581-4AFE-BE34-387C5D46DDEF}.Release|Any CPU.ActiveCfg = Release|Any CPU
		{C46DE069-F581-4AFE-BE34-387C5D46DDEF}.Release|Any CPU.Build.0 = Release|Any CPU
		{C46DE069-F581-4AFE-BE34-387C5D46DDEF}.Release|x64.ActiveCfg = Release|x64
		{C46DE069-F581-4AFE-BE34-387C5D46DDEF}.Release|x64.Build.0 = Release|x64
		{C46DE069-F581-4AFE-BE34-387C5D46DDEF}.Release|x86.ActiveCfg = Release|x86
		{C46DE069-F581-4AFE-BE34-387C5D46DDEF}.Release|x86.Build.0 = Release|x86
		{06AF6F48-A711-47F3-BADD-D582254473FA}.Debug|Any CPU.ActiveCfg = Debug|Any CPU
		{06AF6F48-A711-47F3-BADD-D582254473FA}.Debug|Any CPU.Build.0 = Debug|Any CPU
		{06AF6F48-A711-47F3-BADD-D582254473FA}.Debug|x64.ActiveCfg = Debug|Any CPU
		{06AF6F48-A711-47F3-BADD-D582254473FA}.Debug|x64.Build.0 = Debug|Any CPU
		{06AF6F48-A711-47F3-BADD-D582254473FA}.Debug|x86.ActiveCfg = Debug|Any CPU
		{06AF6F48-A711-47F3-BADD-D582254473FA}.Debug|x86.Build.0 = Debug|Any CPU
		{06AF6F48-A711-47F3-BADD-D582254473FA}.Release|Any CPU.ActiveCfg = Release|Any CPU
		{06AF6F48-A711-47F3-BADD-D582254473FA}.Release|Any CPU.Build.0 = Release|Any CPU
		{06AF6F48-A711-47F3-BADD-D582254473FA}.Release|x64.ActiveCfg = Release|Any CPU
		{06AF6F48-A711-47F3-BADD-D582254473FA}.Release|x64.Build.0 = Release|Any CPU
		{06AF6F48-A711-47F3-BADD-D582254473FA}.Release|x86.ActiveCfg = Release|Any CPU
		{06AF6F48-A711-47F3-BADD-D582254473FA}.Release|x86.Build.0 = Release|Any CPU
		{89C75587-E3FF-4CDA-93C4-9725081766ED}.Debug|Any CPU.ActiveCfg = Debug|Any CPU
		{89C75587-E3FF-4CDA-93C4-9725081766ED}.Debug|Any CPU.Build.0 = Debug|Any CPU
		{89C75587-E3FF-4CDA-93C4-9725081766ED}.Debug|x64.ActiveCfg = Debug|Any CPU
		{89C75587-E3FF-4CDA-93C4-9725081766ED}.Debug|x64.Build.0 = Debug|Any CPU
		{89C75587-E3FF-4CDA-93C4-9725081766ED}.Debug|x86.ActiveCfg = Debug|Any CPU
		{89C75587-E3FF-4CDA-93C4-9725081766ED}.Debug|x86.Build.0 = Debug|Any CPU
		{89C75587-E3FF-4CDA-93C4-9725081766ED}.Release|Any CPU.ActiveCfg = Release|Any CPU
		{89C75587-E3FF-4CDA-93C4-9725081766ED}.Release|Any CPU.Build.0 = Release|Any CPU
		{89C75587-E3FF-4CDA-93C4-9725081766ED}.Release|x64.ActiveCfg = Release|Any CPU
		{89C75587-E3FF-4CDA-93C4-9725081766ED}.Release|x64.Build.0 = Release|Any CPU
		{89C75587-E3FF-4CDA-93C4-9725081766ED}.Release|x86.ActiveCfg = Release|Any CPU
		{89C75587-E3FF-4CDA-93C4-9725081766ED}.Release|x86.Build.0 = Release|Any CPU
		{EF36E48C-A9D2-464E-8EFD-CBD050E0A2DC}.Debug|Any CPU.ActiveCfg = Debug|Any CPU
		{EF36E48C-A9D2-464E-8EFD-CBD050E0A2DC}.Debug|Any CPU.Build.0 = Debug|Any CPU
		{EF36E48C-A9D2-464E-8EFD-CBD050E0A2DC}.Debug|x64.ActiveCfg = Debug|Any CPU
		{EF36E48C-A9D2-464E-8EFD-CBD050E0A2DC}.Debug|x64.Build.0 = Debug|Any CPU
		{EF36E48C-A9D2-464E-8EFD-CBD050E0A2DC}.Debug|x86.ActiveCfg = Debug|Any CPU
		{EF36E48C-A9D2-464E-8EFD-CBD050E0A2DC}.Debug|x86.Build.0 = Debug|Any CPU
		{EF36E48C-A9D2-464E-8EFD-CBD050E0A2DC}.Release|Any CPU.ActiveCfg = Release|Any CPU
		{EF36E48C-A9D2-464E-8EFD-CBD050E0A2DC}.Release|Any CPU.Build.0 = Release|Any CPU
		{EF36E48C-A9D2-464E-8EFD-CBD050E0A2DC}.Release|x64.ActiveCfg = Release|Any CPU
		{EF36E48C-A9D2-464E-8EFD-CBD050E0A2DC}.Release|x64.Build.0 = Release|Any CPU
		{EF36E48C-A9D2-464E-8EFD-CBD050E0A2DC}.Release|x86.ActiveCfg = Release|Any CPU
		{EF36E48C-A9D2-464E-8EFD-CBD050E0A2DC}.Release|x86.Build.0 = Release|Any CPU
		{DFD428F8-3698-4ED4-9D08-09D4EAD512D6}.Debug|Any CPU.ActiveCfg = Debug|Any CPU
		{DFD428F8-3698-4ED4-9D08-09D4EAD512D6}.Debug|Any CPU.Build.0 = Debug|Any CPU
		{DFD428F8-3698-4ED4-9D08-09D4EAD512D6}.Debug|x64.ActiveCfg = Debug|Any CPU
		{DFD428F8-3698-4ED4-9D08-09D4EAD512D6}.Debug|x64.Build.0 = Debug|Any CPU
		{DFD428F8-3698-4ED4-9D08-09D4EAD512D6}.Debug|x86.ActiveCfg = Debug|Any CPU
		{DFD428F8-3698-4ED4-9D08-09D4EAD512D6}.Debug|x86.Build.0 = Debug|Any CPU
		{DFD428F8-3698-4ED4-9D08-09D4EAD512D6}.Release|Any CPU.ActiveCfg = Release|Any CPU
		{DFD428F8-3698-4ED4-9D08-09D4EAD512D6}.Release|Any CPU.Build.0 = Release|Any CPU
		{DFD428F8-3698-4ED4-9D08-09D4EAD512D6}.Release|x64.ActiveCfg = Release|Any CPU
		{DFD428F8-3698-4ED4-9D08-09D4EAD512D6}.Release|x64.Build.0 = Release|Any CPU
		{DFD428F8-3698-4ED4-9D08-09D4EAD512D6}.Release|x86.ActiveCfg = Release|Any CPU
		{DFD428F8-3698-4ED4-9D08-09D4EAD512D6}.Release|x86.Build.0 = Release|Any CPU
		{0A633FC7-B805-49D6-8597-0E86E566C972}.Debug|Any CPU.ActiveCfg = Debug|Any CPU
		{0A633FC7-B805-49D6-8597-0E86E566C972}.Debug|Any CPU.Build.0 = Debug|Any CPU
		{0A633FC7-B805-49D6-8597-0E86E566C972}.Debug|x64.ActiveCfg = Debug|Any CPU
		{0A633FC7-B805-49D6-8597-0E86E566C972}.Debug|x64.Build.0 = Debug|Any CPU
		{0A633FC7-B805-49D6-8597-0E86E566C972}.Debug|x86.ActiveCfg = Debug|Any CPU
		{0A633FC7-B805-49D6-8597-0E86E566C972}.Debug|x86.Build.0 = Debug|Any CPU
		{0A633FC7-B805-49D6-8597-0E86E566C972}.Release|Any CPU.ActiveCfg = Release|Any CPU
		{0A633FC7-B805-49D6-8597-0E86E566C972}.Release|Any CPU.Build.0 = Release|Any CPU
		{0A633FC7-B805-49D6-8597-0E86E566C972}.Release|x64.ActiveCfg = Release|Any CPU
		{0A633FC7-B805-49D6-8597-0E86E566C972}.Release|x64.Build.0 = Release|Any CPU
		{0A633FC7-B805-49D6-8597-0E86E566C972}.Release|x86.ActiveCfg = Release|Any CPU
		{0A633FC7-B805-49D6-8597-0E86E566C972}.Release|x86.Build.0 = Release|Any CPU
		{571CC936-D324-431E-A671-1131C2525A15}.Debug|Any CPU.ActiveCfg = Debug|Any CPU
		{571CC936-D324-431E-A671-1131C2525A15}.Debug|Any CPU.Build.0 = Debug|Any CPU
		{571CC936-D324-431E-A671-1131C2525A15}.Debug|x64.ActiveCfg = Debug|x64
		{571CC936-D324-431E-A671-1131C2525A15}.Debug|x64.Build.0 = Debug|x64
		{571CC936-D324-431E-A671-1131C2525A15}.Debug|x86.ActiveCfg = Debug|x86
		{571CC936-D324-431E-A671-1131C2525A15}.Debug|x86.Build.0 = Debug|x86
		{571CC936-D324-431E-A671-1131C2525A15}.Release|Any CPU.ActiveCfg = Release|Any CPU
		{571CC936-D324-431E-A671-1131C2525A15}.Release|Any CPU.Build.0 = Release|Any CPU
		{571CC936-D324-431E-A671-1131C2525A15}.Release|x64.ActiveCfg = Release|x64
		{571CC936-D324-431E-A671-1131C2525A15}.Release|x64.Build.0 = Release|x64
		{571CC936-D324-431E-A671-1131C2525A15}.Release|x86.ActiveCfg = Release|x86
		{571CC936-D324-431E-A671-1131C2525A15}.Release|x86.Build.0 = Release|x86
		{D51DAF7E-094E-45E7-AC6B-BE22DF1C4B4A}.Debug|Any CPU.ActiveCfg = Debug|Any CPU
		{D51DAF7E-094E-45E7-AC6B-BE22DF1C4B4A}.Debug|Any CPU.Build.0 = Debug|Any CPU
		{D51DAF7E-094E-45E7-AC6B-BE22DF1C4B4A}.Debug|x64.ActiveCfg = Debug|x64
		{D51DAF7E-094E-45E7-AC6B-BE22DF1C4B4A}.Debug|x64.Build.0 = Debug|x64
		{D51DAF7E-094E-45E7-AC6B-BE22DF1C4B4A}.Debug|x86.ActiveCfg = Debug|x86
		{D51DAF7E-094E-45E7-AC6B-BE22DF1C4B4A}.Debug|x86.Build.0 = Debug|x86
		{D51DAF7E-094E-45E7-AC6B-BE22DF1C4B4A}.Release|Any CPU.ActiveCfg = Release|Any CPU
		{D51DAF7E-094E-45E7-AC6B-BE22DF1C4B4A}.Release|Any CPU.Build.0 = Release|Any CPU
		{D51DAF7E-094E-45E7-AC6B-BE22DF1C4B4A}.Release|x64.ActiveCfg = Release|x64
		{D51DAF7E-094E-45E7-AC6B-BE22DF1C4B4A}.Release|x64.Build.0 = Release|x64
		{D51DAF7E-094E-45E7-AC6B-BE22DF1C4B4A}.Release|x86.ActiveCfg = Release|x86
		{D51DAF7E-094E-45E7-AC6B-BE22DF1C4B4A}.Release|x86.Build.0 = Release|x86
	EndGlobalSection
	GlobalSection(SolutionProperties) = preSolution
		HideSolutionNode = FALSE
	EndGlobalSection
	GlobalSection(NestedProjects) = preSolution
		{83F16175-43B1-4C90-A1EE-8E351C33435D} = {A6A6AF7D-D6E3-442D-9B1E-58CC91879BE1}
		{8E6D5255-776D-4B61-85F9-73C37AA1FB9A} = {A6A6AF7D-D6E3-442D-9B1E-58CC91879BE1}
		{73882D44-0194-400A-BCE4-F29D66417DE0} = {ED8079DD-2B06-4030-9F0F-DC548F98E1C4}
		{4E3137B9-DD0A-426A-A0D3-90C21EC1811E} = {ED8079DD-2B06-4030-9F0F-DC548F98E1C4}
		{0E731438-DD9E-4444-950D-EF2DE31D3E97} = {25E14FB9-7440-42DF-8166-7CD7A9ECDBE1}
		{E0388E66-E36C-4ECA-ADCC-BFD115820C25} = {25E14FB9-7440-42DF-8166-7CD7A9ECDBE1}
		{CBBC6D5C-5051-4D66-B616-A59A52A1A3F5} = {25E14FB9-7440-42DF-8166-7CD7A9ECDBE1}
		{4903D3E4-F6DD-49B8-998B-470277120271} = {25E14FB9-7440-42DF-8166-7CD7A9ECDBE1}
		{F43CAB12-684E-4F92-938B-4E98B8284DAA} = {25E14FB9-7440-42DF-8166-7CD7A9ECDBE1}
		{BBB08EB4-A2AE-430B-A29C-3B3446F69A6D} = {25E14FB9-7440-42DF-8166-7CD7A9ECDBE1}
		{1F52ECB5-6CD2-4D76-A4B7-A23131C9D195} = {25E14FB9-7440-42DF-8166-7CD7A9ECDBE1}
		{C46DE069-F581-4AFE-BE34-387C5D46DDEF} = {25E14FB9-7440-42DF-8166-7CD7A9ECDBE1}
		{06AF6F48-A711-47F3-BADD-D582254473FA} = {53FE49B3-9DC2-41B9-AD20-F037DFF2070D}
		{89C75587-E3FF-4CDA-93C4-9725081766ED} = {53FE49B3-9DC2-41B9-AD20-F037DFF2070D}
		{EF36E48C-A9D2-464E-8EFD-CBD050E0A2DC} = {53FE49B3-9DC2-41B9-AD20-F037DFF2070D}
		{DFD428F8-3698-4ED4-9D08-09D4EAD512D6} = {75EE1B05-083A-41B6-8DF4-745FD8EEAC1C}
		{0A633FC7-B805-49D6-8597-0E86E566C972} = {70480995-4AAA-4077-ADB9-B5ACC31BFA4E}
		{571CC936-D324-431E-A671-1131C2525A15} = {70480995-4AAA-4077-ADB9-B5ACC31BFA4E}
		{D51DAF7E-094E-45E7-AC6B-BE22DF1C4B4A} = {70480995-4AAA-4077-ADB9-B5ACC31BFA4E}
	EndGlobalSection
EndGlobal
