
Microsoft Visual Studio Solution File, Format Version 12.00
# Visual Studio 2012
Project("{F2A71F9B-5D33-465A-A702-920D77279786}") = "Test", "Test\Test.fsproj", "{660EF97A-C964-48F6-8041-396795D901A2}"
EndProject
Project("{2150E333-8FDC-42A3-9474-1A3956D46DE8}") = ".nuget", ".nuget", "{6BBCC273-6AFD-4FE4-9BAE-046801B710A8}"
	ProjectSection(SolutionItems) = preProject
		.nuget\NuGet.Config = .nuget\NuGet.Config
		.nuget\NuGet.exe = .nuget\NuGet.exe
		.nuget\NuGet.targets = .nuget\NuGet.targets
	EndProjectSection
EndProject
Global
	GlobalSection(SolutionConfigurationPlatforms) = preSolution
		Debug|Any CPU = Debug|Any CPU
		Release|Any CPU = Release|Any CPU
	EndGlobalSection
	GlobalSection(ProjectConfigurationPlatforms) = postSolution
		{660EF97A-C964-48F6-8041-396795D901A2}.Debug|Any CPU.ActiveCfg = Debug|Any CPU
		{660EF97A-C964-48F6-8041-396795D901A2}.Debug|Any CPU.Build.0 = Debug|Any CPU
		{660EF97A-C964-48F6-8041-396795D901A2}.Release|Any CPU.ActiveCfg = Release|Any CPU
		{660EF97A-C964-48F6-8041-396795D901A2}.Release|Any CPU.Build.0 = Release|Any CPU
	EndGlobalSection
	GlobalSection(SolutionProperties) = preSolution
		HideSolutionNode = FALSE
	EndGlobalSection
EndGlobal
