
Microsoft Visual Studio Solution File, Format Version 12.00
# Visual Studio 2012
Project("{F2A71F9B-5D33-465A-A702-920D77279786}") = "MatrixMultiply_Tests", "MatrixMultiply_Tests\MatrixMultiply_Tests.fsproj", "{087D9A97-4EF5-4AF8-B545-3EAC2E720878}"
EndProject
Project("{F2A71F9B-5D33-465A-A702-920D77279786}") = "MatrixMultiply", "..\MatrixMultiply\MatrixMultiply\MatrixMultiply.fsproj", "{5B4CC17C-1A65-45EF-B657-C3D8F2C5164A}"
EndProject
Global
	GlobalSection(SolutionConfigurationPlatforms) = preSolution
		Debug|Any CPU = Debug|Any CPU
		Release|Any CPU = Release|Any CPU
	EndGlobalSection
	GlobalSection(ProjectConfigurationPlatforms) = postSolution
		{087D9A97-4EF5-4AF8-B545-3EAC2E720878}.Debug|Any CPU.ActiveCfg = Debug|Any CPU
		{087D9A97-4EF5-4AF8-B545-3EAC2E720878}.Debug|Any CPU.Build.0 = Debug|Any CPU
		{087D9A97-4EF5-4AF8-B545-3EAC2E720878}.Release|Any CPU.ActiveCfg = Release|Any CPU
		{087D9A97-4EF5-4AF8-B545-3EAC2E720878}.Release|Any CPU.Build.0 = Release|Any CPU
		{5B4CC17C-1A65-45EF-B657-C3D8F2C5164A}.Debug|Any CPU.ActiveCfg = Debug|Any CPU
		{5B4CC17C-1A65-45EF-B657-C3D8F2C5164A}.Debug|Any CPU.Build.0 = Debug|Any CPU
		{5B4CC17C-1A65-45EF-B657-C3D8F2C5164A}.Release|Any CPU.ActiveCfg = Release|Any CPU
		{5B4CC17C-1A65-45EF-B657-C3D8F2C5164A}.Release|Any CPU.Build.0 = Release|Any CPU
	EndGlobalSection
	GlobalSection(SolutionProperties) = preSolution
		HideSolutionNode = FALSE
	EndGlobalSection
EndGlobal
