
Microsoft Visual Studio Solution File, Format Version 12.00
# Visual Studio 2013
VisualStudioVersion = 12.0.21005.1
MinimumVisualStudioVersion = 10.0.40219.1
Project("{F2A71F9B-5D33-465A-A702-920D77279786}") = "Processor", "TTA\Processor.fsproj", "{60E675DD-8103-4B19-B3B6-84EC9456C47E}"
EndProject
Project("{F2A71F9B-5D33-465A-A702-920D77279786}") = "ASM", "..\..\ASM\ASM.fsproj", "{B53EB0D3-8C05-4362-8CBB-AF40D33C8F20}"
EndProject
Project("{F2A71F9B-5D33-465A-A702-920D77279786}") = "Test", "Test\Test.fsproj", "{742C4BC4-5FDB-48AB-B57D-7043780414A3}"
EndProject
Global
	GlobalSection(SolutionConfigurationPlatforms) = preSolution
		Debug|Any CPU = Debug|Any CPU
		Release|Any CPU = Release|Any CPU
	EndGlobalSection
	GlobalSection(ProjectConfigurationPlatforms) = postSolution
		{60E675DD-8103-4B19-B3B6-84EC9456C47E}.Debug|Any CPU.ActiveCfg = Debug|Any CPU
		{60E675DD-8103-4B19-B3B6-84EC9456C47E}.Debug|Any CPU.Build.0 = Debug|Any CPU
		{60E675DD-8103-4B19-B3B6-84EC9456C47E}.Release|Any CPU.ActiveCfg = Release|Any CPU
		{60E675DD-8103-4B19-B3B6-84EC9456C47E}.Release|Any CPU.Build.0 = Release|Any CPU
		{B53EB0D3-8C05-4362-8CBB-AF40D33C8F20}.Debug|Any CPU.ActiveCfg = Debug|Any CPU
		{B53EB0D3-8C05-4362-8CBB-AF40D33C8F20}.Debug|Any CPU.Build.0 = Debug|Any CPU
		{B53EB0D3-8C05-4362-8CBB-AF40D33C8F20}.Release|Any CPU.ActiveCfg = Release|Any CPU
		{B53EB0D3-8C05-4362-8CBB-AF40D33C8F20}.Release|Any CPU.Build.0 = Release|Any CPU
		{742C4BC4-5FDB-48AB-B57D-7043780414A3}.Debug|Any CPU.ActiveCfg = Debug|Any CPU
		{742C4BC4-5FDB-48AB-B57D-7043780414A3}.Debug|Any CPU.Build.0 = Debug|Any CPU
		{742C4BC4-5FDB-48AB-B57D-7043780414A3}.Release|Any CPU.ActiveCfg = Release|Any CPU
		{742C4BC4-5FDB-48AB-B57D-7043780414A3}.Release|Any CPU.Build.0 = Release|Any CPU
	EndGlobalSection
	GlobalSection(SolutionProperties) = preSolution
		HideSolutionNode = FALSE
	EndGlobalSection
EndGlobal
