
Microsoft Visual Studio Solution File, Format Version 12.00
# Visual Studio 2012
Project("{F2A71F9B-5D33-465A-A702-920D77279786}") = "MatrixMultiplicationTest", "MatrixMultiplicationTest\MatrixMultiplicationTest.fsproj", "{FDAE9402-53A6-4EDB-8F63-94E9E94CB134}"
EndProject
Project("{F2A71F9B-5D33-465A-A702-920D77279786}") = "MatrixMultiply", "..\MatrixMultiply\MatrixMultiply\MatrixMultiply.fsproj", "{F1C807F9-F428-46FC-9901-F5D7DF03C5DF}"
EndProject
Global
	GlobalSection(SolutionConfigurationPlatforms) = preSolution
		Debug|Any CPU = Debug|Any CPU
		Release|Any CPU = Release|Any CPU
	EndGlobalSection
	GlobalSection(ProjectConfigurationPlatforms) = postSolution
		{FDAE9402-53A6-4EDB-8F63-94E9E94CB134}.Debug|Any CPU.ActiveCfg = Debug|Any CPU
		{FDAE9402-53A6-4EDB-8F63-94E9E94CB134}.Debug|Any CPU.Build.0 = Debug|Any CPU
		{FDAE9402-53A6-4EDB-8F63-94E9E94CB134}.Release|Any CPU.ActiveCfg = Release|Any CPU
		{FDAE9402-53A6-4EDB-8F63-94E9E94CB134}.Release|Any CPU.Build.0 = Release|Any CPU
		{F1C807F9-F428-46FC-9901-F5D7DF03C5DF}.Debug|Any CPU.ActiveCfg = Debug|Any CPU
		{F1C807F9-F428-46FC-9901-F5D7DF03C5DF}.Debug|Any CPU.Build.0 = Debug|Any CPU
		{F1C807F9-F428-46FC-9901-F5D7DF03C5DF}.Release|Any CPU.ActiveCfg = Release|Any CPU
		{F1C807F9-F428-46FC-9901-F5D7DF03C5DF}.Release|Any CPU.Build.0 = Release|Any CPU
	EndGlobalSection
	GlobalSection(SolutionProperties) = preSolution
		HideSolutionNode = FALSE
	EndGlobalSection
EndGlobal
