
Microsoft Visual Studio Solution File, Format Version 12.00
# Visual Studio 2013
VisualStudioVersion = 12.0.21005.1
MinimumVisualStudioVersion = 10.0.40219.1
Project("{F2A71F9B-5D33-465A-A702-920D77279786}") = "TTA-Processor", "TTA-Processor\TTA-Processor.fsproj", "{B7116886-54A2-409E-AEA0-6A220BBFE497}"
EndProject
Project("{F2A71F9B-5D33-465A-A702-920D77279786}") = "Test", "Test\Test.fsproj", "{2208B956-65E4-4A05-BB71-2C48F7F12B29}"
EndProject
Project("{2150E333-8FDC-42A3-9474-1A3956D46DE8}") = ".nuget", ".nuget", "{058E0AB4-64DB-4C7A-9605-DAEB99A140A1}"
	ProjectSection(SolutionItems) = preProject
		.nuget\NuGet.Config = .nuget\NuGet.Config
		.nuget\NuGet.exe = .nuget\NuGet.exe
		.nuget\NuGet.targets = .nuget\NuGet.targets
	EndProjectSection
EndProject
Project("{F2A71F9B-5D33-465A-A702-920D77279786}") = "ASM", "..\..\ASM\ASM.fsproj", "{B53EB0D3-8C05-4362-8CBB-AF40D33C8F20}"
EndProject
Global
	GlobalSection(SolutionConfigurationPlatforms) = preSolution
		Debug|Any CPU = Debug|Any CPU
		Release|Any CPU = Release|Any CPU
	EndGlobalSection
	GlobalSection(ProjectConfigurationPlatforms) = postSolution
		{B7116886-54A2-409E-AEA0-6A220BBFE497}.Debug|Any CPU.ActiveCfg = Debug|Any CPU
		{B7116886-54A2-409E-AEA0-6A220BBFE497}.Debug|Any CPU.Build.0 = Debug|Any CPU
		{B7116886-54A2-409E-AEA0-6A220BBFE497}.Release|Any CPU.ActiveCfg = Release|Any CPU
		{B7116886-54A2-409E-AEA0-6A220BBFE497}.Release|Any CPU.Build.0 = Release|Any CPU
		{2208B956-65E4-4A05-BB71-2C48F7F12B29}.Debug|Any CPU.ActiveCfg = Debug|Any CPU
		{2208B956-65E4-4A05-BB71-2C48F7F12B29}.Debug|Any CPU.Build.0 = Debug|Any CPU
		{2208B956-65E4-4A05-BB71-2C48F7F12B29}.Release|Any CPU.ActiveCfg = Release|Any CPU
		{2208B956-65E4-4A05-BB71-2C48F7F12B29}.Release|Any CPU.Build.0 = Release|Any CPU
		{B53EB0D3-8C05-4362-8CBB-AF40D33C8F20}.Debug|Any CPU.ActiveCfg = Debug|Any CPU
		{B53EB0D3-8C05-4362-8CBB-AF40D33C8F20}.Debug|Any CPU.Build.0 = Debug|Any CPU
		{B53EB0D3-8C05-4362-8CBB-AF40D33C8F20}.Release|Any CPU.ActiveCfg = Release|Any CPU
		{B53EB0D3-8C05-4362-8CBB-AF40D33C8F20}.Release|Any CPU.Build.0 = Release|Any CPU
	EndGlobalSection
	GlobalSection(SolutionProperties) = preSolution
		HideSolutionNode = FALSE
	EndGlobalSection
EndGlobal
