
Microsoft Visual Studio Solution File, Format Version 12.00
# Visual Studio Express 2012 for Web
Project("{FAE04EC0-301F-11D3-BF4B-00C04F79EFBC}") = "Brahma", "Brahma\Brahma.csproj", "{0E731438-DD9E-4444-950D-EF2DE31D3E97}"
EndProject
Project("{2150E333-8FDC-42A3-9474-1A3956D46DE8}") = "Libraries", "Libraries", "{4754DB5D-7261-453A-87DF-F2AB068AE6AF}"
EndProject
Project("{2150E333-8FDC-42A3-9474-1A3956D46DE8}") = "Samples", "Samples", "{E54DCF27-1592-467F-8E05-F0B9745111E0}"
EndProject
Project("{FAE04EC0-301F-11D3-BF4B-00C04F79EFBC}") = "Brahma.Samples", "Samples\Brahma.Samples\Brahma.Samples.csproj", "{C46DE069-F581-4AFE-BE34-387C5D46DDEF}"
EndProject
Project("{2150E333-8FDC-42A3-9474-1A3956D46DE8}") = "OpenCL", "OpenCL", "{4D3EDA78-028E-48CB-9C6F-75F3547CAE82}"
EndProject
Project("{2150E333-8FDC-42A3-9474-1A3956D46DE8}") = "Tests", "Tests", "{136A55B7-BED5-4FC7-8129-DE53386E3FD3}"
EndProject
Project("{FAE04EC0-301F-11D3-BF4B-00C04F79EFBC}") = "OpenCL.Net", "..\Libraries\OpenCL.Net\OpenCL.Net\OpenCL.Net.csproj", "{70AC8A83-9850-4F73-B7BC-541EB2505BE6}"
EndProject
Project("{F2A71F9B-5D33-465A-A702-920D77279786}") = "Brahma.FSharp.OpenCL.Translator", "Brahma.FSharp.OpenCL.Translator\Brahma.FSharp.OpenCL.Translator.fsproj", "{BBB08EB4-A2AE-430B-A29C-3B3446F69A6D}"
EndProject
Project("{F2A71F9B-5D33-465A-A702-920D77279786}") = "Brahma.FSharp.OpenCL.Printer", "Brahma.FSharp.OpenCL.Printer\Brahma.FSharp.OpenCL.Printer.fsproj", "{F43CAB12-684E-4F92-938B-4E98B8284DAA}"
EndProject
Project("{F2A71F9B-5D33-465A-A702-920D77279786}") = "QuotationTest", "QuotationTest\QuotationTest.fsproj", "{9F56515E-D17B-4A19-A4F2-32E84D395831}"
EndProject
Project("{F2A71F9B-5D33-465A-A702-920D77279786}") = "Brahma.FSharp.OpenCL.Core", "Brahma.FSharp.OpenCL.Core\Brahma.FSharp.OpenCL.Core.fsproj", "{CBBC6D5C-5051-4D66-B616-A59A52A1A3F5}"
EndProject
Project("{F2A71F9B-5D33-465A-A702-920D77279786}") = "Brahma.FSharp.OpenCL.Tests", "Brahma.FSharp.OpenCL.Tests\Brahma.FSharp.OpenCL.Tests.fsproj", "{73882D44-0194-400A-BCE4-F29D66417DE0}"
EndProject
Project("{F2A71F9B-5D33-465A-A702-920D77279786}") = "MatrixMultiply", "MatrixMultiply\MatrixMultiply.fsproj", "{D51DAF7E-094E-45E7-AC6B-BE22DF1C4B4A}"
EndProject
Project("{FAE04EC0-301F-11D3-BF4B-00C04F79EFBC}") = "Brahma.OpenCL", "Brahma.OpenCL\Brahma.OpenCL.csproj", "{1F52ECB5-6CD2-4D76-A4B7-A23131C9D195}"
EndProject
Project("{F2A71F9B-5D33-465A-A702-920D77279786}") = "AsyncMatrixMultiplication", "AsyncMatrixMultiplication\AsyncMatrixMultiplication.fsproj", "{9C42FC2E-647B-46C1-BBA1-F8DC69536190}"
EndProject
Project("{F2A71F9B-5D33-465A-A702-920D77279786}") = "Brahma.FSharp.OpenCL.AST", "Brahma.FSharp.OpenCL.AST\Brahma.FSharp.OpenCL.AST.fsproj", "{E0388E66-E36C-4ECA-ADCC-BFD115820C25}"
EndProject
Project("{F2A71F9B-5D33-465A-A702-920D77279786}") = "Brahma.FSharp.OpenCL.Extensions", "Brahma.FSharp.OpenCL.Extensions\Brahma.FSharp.OpenCL.Extensions.fsproj", "{4903D3E4-F6DD-49B8-998B-470277120271}"
EndProject
Project("{F2A71F9B-5D33-465A-A702-920D77279786}") = "SortArray", "SortArray\SortArray.fsproj", "{75119B7F-6521-405B-A646-2BDD77A7BF67}"
EndProject
Project("{2150E333-8FDC-42A3-9474-1A3956D46DE8}") = "RnD", "RnD", "{898BC1D2-623D-4048-A88C-89974E01FCC8}"
EndProject
Project("{F2A71F9B-5D33-465A-A702-920D77279786}") = "rMatrixMultiply", "rMatrixMultiply\rMatrixMultiply.fsproj", "{264509A1-82A6-4087-9C93-7E4236AA64EC}"
EndProject
Project("{F2A71F9B-5D33-465A-A702-920D77279786}") = "BlackScholes", "BlackScholes\BlackScholes.fsproj", "{0A633FC7-B805-49D6-8597-0E86E566C972}"
EndProject
Project("{F2A71F9B-5D33-465A-A702-920D77279786}") = "ArraySum", "ArraySum\ArraySum.fsproj", "{571CC936-D324-431E-A671-1131C2525A15}"
EndProject
Project("{F2A71F9B-5D33-465A-A702-920D77279786}") = "Substrings", "Substrings\Substrings.fsproj", "{EF36E48C-A9D2-464E-8EFD-CBD050E0A2DC}"
EndProject
Project("{FAE04EC0-301F-11D3-BF4B-00C04F79EFBC}") = "ClassLibrary1", "ClassLibrary1\ClassLibrary1.csproj", "{43471557-4354-40A1-BAE9-79FF275DE13D}"
EndProject
Global
	GlobalSection(SolutionConfigurationPlatforms) = preSolution
		Debug|Any CPU = Debug|Any CPU
		Debug|Mixed Platforms = Debug|Mixed Platforms
		Debug|x64 = Debug|x64
		Debug|x86 = Debug|x86
		Release|Any CPU = Release|Any CPU
		Release|Mixed Platforms = Release|Mixed Platforms
		Release|x64 = Release|x64
		Release|x86 = Release|x86
	EndGlobalSection
	GlobalSection(ProjectConfigurationPlatforms) = postSolution
		{0E731438-DD9E-4444-950D-EF2DE31D3E97}.Debug|Any CPU.ActiveCfg = Debug|Any CPU
		{0E731438-DD9E-4444-950D-EF2DE31D3E97}.Debug|Any CPU.Build.0 = Debug|Any CPU
		{0E731438-DD9E-4444-950D-EF2DE31D3E97}.Debug|Mixed Platforms.ActiveCfg = Debug|x86
		{0E731438-DD9E-4444-950D-EF2DE31D3E97}.Debug|Mixed Platforms.Build.0 = Debug|x86
		{0E731438-DD9E-4444-950D-EF2DE31D3E97}.Debug|x64.ActiveCfg = Debug|Any CPU
		{0E731438-DD9E-4444-950D-EF2DE31D3E97}.Debug|x86.ActiveCfg = Debug|x86
		{0E731438-DD9E-4444-950D-EF2DE31D3E97}.Debug|x86.Build.0 = Debug|x86
		{0E731438-DD9E-4444-950D-EF2DE31D3E97}.Release|Any CPU.ActiveCfg = Release|Any CPU
		{0E731438-DD9E-4444-950D-EF2DE31D3E97}.Release|Any CPU.Build.0 = Release|Any CPU
		{0E731438-DD9E-4444-950D-EF2DE31D3E97}.Release|Mixed Platforms.ActiveCfg = Release|x86
		{0E731438-DD9E-4444-950D-EF2DE31D3E97}.Release|Mixed Platforms.Build.0 = Release|x86
		{0E731438-DD9E-4444-950D-EF2DE31D3E97}.Release|x64.ActiveCfg = Release|Any CPU
		{0E731438-DD9E-4444-950D-EF2DE31D3E97}.Release|x86.ActiveCfg = Release|Any CPU
		{C46DE069-F581-4AFE-BE34-387C5D46DDEF}.Debug|Any CPU.ActiveCfg = Debug|Any CPU
		{C46DE069-F581-4AFE-BE34-387C5D46DDEF}.Debug|Any CPU.Build.0 = Debug|Any CPU
		{C46DE069-F581-4AFE-BE34-387C5D46DDEF}.Debug|Mixed Platforms.ActiveCfg = Debug|x86
		{C46DE069-F581-4AFE-BE34-387C5D46DDEF}.Debug|Mixed Platforms.Build.0 = Debug|x86
		{C46DE069-F581-4AFE-BE34-387C5D46DDEF}.Debug|x64.ActiveCfg = Debug|Any CPU
		{C46DE069-F581-4AFE-BE34-387C5D46DDEF}.Debug|x86.ActiveCfg = Debug|x86
		{C46DE069-F581-4AFE-BE34-387C5D46DDEF}.Debug|x86.Build.0 = Debug|x86
		{C46DE069-F581-4AFE-BE34-387C5D46DDEF}.Release|Any CPU.ActiveCfg = Release|Any CPU
		{C46DE069-F581-4AFE-BE34-387C5D46DDEF}.Release|Any CPU.Build.0 = Release|Any CPU
		{C46DE069-F581-4AFE-BE34-387C5D46DDEF}.Release|Mixed Platforms.ActiveCfg = Release|x86
		{C46DE069-F581-4AFE-BE34-387C5D46DDEF}.Release|Mixed Platforms.Build.0 = Release|x86
		{C46DE069-F581-4AFE-BE34-387C5D46DDEF}.Release|x64.ActiveCfg = Release|Any CPU
		{C46DE069-F581-4AFE-BE34-387C5D46DDEF}.Release|x86.ActiveCfg = Release|Any CPU
		{70AC8A83-9850-4F73-B7BC-541EB2505BE6}.Debug|Any CPU.ActiveCfg = Debug|Any CPU
		{70AC8A83-9850-4F73-B7BC-541EB2505BE6}.Debug|Any CPU.Build.0 = Debug|Any CPU
		{70AC8A83-9850-4F73-B7BC-541EB2505BE6}.Debug|Mixed Platforms.ActiveCfg = Debug|x86
		{70AC8A83-9850-4F73-B7BC-541EB2505BE6}.Debug|Mixed Platforms.Build.0 = Debug|x86
		{70AC8A83-9850-4F73-B7BC-541EB2505BE6}.Debug|x64.ActiveCfg = Debug|Any CPU
		{70AC8A83-9850-4F73-B7BC-541EB2505BE6}.Debug|x86.ActiveCfg = Debug|x86
		{70AC8A83-9850-4F73-B7BC-541EB2505BE6}.Debug|x86.Build.0 = Debug|x86
		{70AC8A83-9850-4F73-B7BC-541EB2505BE6}.Release|Any CPU.ActiveCfg = Release|Any CPU
		{70AC8A83-9850-4F73-B7BC-541EB2505BE6}.Release|Any CPU.Build.0 = Release|Any CPU
		{70AC8A83-9850-4F73-B7BC-541EB2505BE6}.Release|Mixed Platforms.ActiveCfg = Release|x86
		{70AC8A83-9850-4F73-B7BC-541EB2505BE6}.Release|Mixed Platforms.Build.0 = Release|x86
		{70AC8A83-9850-4F73-B7BC-541EB2505BE6}.Release|x64.ActiveCfg = Release|Any CPU
		{70AC8A83-9850-4F73-B7BC-541EB2505BE6}.Release|x86.ActiveCfg = Release|x86
		{70AC8A83-9850-4F73-B7BC-541EB2505BE6}.Release|x86.Build.0 = Release|x86
		{BBB08EB4-A2AE-430B-A29C-3B3446F69A6D}.Debug|Any CPU.ActiveCfg = Debug|Any CPU
		{BBB08EB4-A2AE-430B-A29C-3B3446F69A6D}.Debug|Any CPU.Build.0 = Debug|Any CPU
		{BBB08EB4-A2AE-430B-A29C-3B3446F69A6D}.Debug|Mixed Platforms.ActiveCfg = Debug|x86
		{BBB08EB4-A2AE-430B-A29C-3B3446F69A6D}.Debug|Mixed Platforms.Build.0 = Debug|x86
		{BBB08EB4-A2AE-430B-A29C-3B3446F69A6D}.Debug|x64.ActiveCfg = Debug|Any CPU
		{BBB08EB4-A2AE-430B-A29C-3B3446F69A6D}.Debug|x86.ActiveCfg = Debug|x86
		{BBB08EB4-A2AE-430B-A29C-3B3446F69A6D}.Debug|x86.Build.0 = Debug|x86
		{BBB08EB4-A2AE-430B-A29C-3B3446F69A6D}.Release|Any CPU.ActiveCfg = Release|Any CPU
		{BBB08EB4-A2AE-430B-A29C-3B3446F69A6D}.Release|Any CPU.Build.0 = Release|Any CPU
		{BBB08EB4-A2AE-430B-A29C-3B3446F69A6D}.Release|Mixed Platforms.ActiveCfg = Release|x86
		{BBB08EB4-A2AE-430B-A29C-3B3446F69A6D}.Release|Mixed Platforms.Build.0 = Release|x86
		{BBB08EB4-A2AE-430B-A29C-3B3446F69A6D}.Release|x64.ActiveCfg = Release|Any CPU
		{BBB08EB4-A2AE-430B-A29C-3B3446F69A6D}.Release|x86.ActiveCfg = Release|Any CPU
		{F43CAB12-684E-4F92-938B-4E98B8284DAA}.Debug|Any CPU.ActiveCfg = Debug|Any CPU
		{F43CAB12-684E-4F92-938B-4E98B8284DAA}.Debug|Any CPU.Build.0 = Debug|Any CPU
		{F43CAB12-684E-4F92-938B-4E98B8284DAA}.Debug|Mixed Platforms.ActiveCfg = Debug|x86
		{F43CAB12-684E-4F92-938B-4E98B8284DAA}.Debug|Mixed Platforms.Build.0 = Debug|x86
		{F43CAB12-684E-4F92-938B-4E98B8284DAA}.Debug|x64.ActiveCfg = Debug|Any CPU
		{F43CAB12-684E-4F92-938B-4E98B8284DAA}.Debug|x86.ActiveCfg = Debug|x86
		{F43CAB12-684E-4F92-938B-4E98B8284DAA}.Debug|x86.Build.0 = Debug|x86
		{F43CAB12-684E-4F92-938B-4E98B8284DAA}.Release|Any CPU.ActiveCfg = Release|Any CPU
		{F43CAB12-684E-4F92-938B-4E98B8284DAA}.Release|Any CPU.Build.0 = Release|Any CPU
		{F43CAB12-684E-4F92-938B-4E98B8284DAA}.Release|Mixed Platforms.ActiveCfg = Release|x86
		{F43CAB12-684E-4F92-938B-4E98B8284DAA}.Release|Mixed Platforms.Build.0 = Release|x86
		{F43CAB12-684E-4F92-938B-4E98B8284DAA}.Release|x64.ActiveCfg = Release|Any CPU
		{F43CAB12-684E-4F92-938B-4E98B8284DAA}.Release|x86.ActiveCfg = Release|Any CPU
		{9F56515E-D17B-4A19-A4F2-32E84D395831}.Debug|Any CPU.ActiveCfg = Debug|Any CPU
		{9F56515E-D17B-4A19-A4F2-32E84D395831}.Debug|Any CPU.Build.0 = Debug|Any CPU
		{9F56515E-D17B-4A19-A4F2-32E84D395831}.Debug|Mixed Platforms.ActiveCfg = Debug|x86
		{9F56515E-D17B-4A19-A4F2-32E84D395831}.Debug|Mixed Platforms.Build.0 = Debug|x86
		{9F56515E-D17B-4A19-A4F2-32E84D395831}.Debug|x64.ActiveCfg = Debug|Any CPU
		{9F56515E-D17B-4A19-A4F2-32E84D395831}.Debug|x86.ActiveCfg = Debug|x86
		{9F56515E-D17B-4A19-A4F2-32E84D395831}.Debug|x86.Build.0 = Debug|x86
		{9F56515E-D17B-4A19-A4F2-32E84D395831}.Release|Any CPU.ActiveCfg = Release|Any CPU
		{9F56515E-D17B-4A19-A4F2-32E84D395831}.Release|Any CPU.Build.0 = Release|Any CPU
		{9F56515E-D17B-4A19-A4F2-32E84D395831}.Release|Mixed Platforms.ActiveCfg = Release|x86
		{9F56515E-D17B-4A19-A4F2-32E84D395831}.Release|Mixed Platforms.Build.0 = Release|x86
		{9F56515E-D17B-4A19-A4F2-32E84D395831}.Release|x64.ActiveCfg = Release|Any CPU
		{9F56515E-D17B-4A19-A4F2-32E84D395831}.Release|x86.ActiveCfg = Release|Any CPU
		{CBBC6D5C-5051-4D66-B616-A59A52A1A3F5}.Debug|Any CPU.ActiveCfg = Debug|Any CPU
		{CBBC6D5C-5051-4D66-B616-A59A52A1A3F5}.Debug|Any CPU.Build.0 = Debug|Any CPU
		{CBBC6D5C-5051-4D66-B616-A59A52A1A3F5}.Debug|Mixed Platforms.ActiveCfg = Debug|x86
		{CBBC6D5C-5051-4D66-B616-A59A52A1A3F5}.Debug|Mixed Platforms.Build.0 = Debug|x86
		{CBBC6D5C-5051-4D66-B616-A59A52A1A3F5}.Debug|x64.ActiveCfg = Debug|Any CPU
		{CBBC6D5C-5051-4D66-B616-A59A52A1A3F5}.Debug|x86.ActiveCfg = Debug|x86
		{CBBC6D5C-5051-4D66-B616-A59A52A1A3F5}.Debug|x86.Build.0 = Debug|x86
		{CBBC6D5C-5051-4D66-B616-A59A52A1A3F5}.Release|Any CPU.ActiveCfg = Debug|Any CPU
		{CBBC6D5C-5051-4D66-B616-A59A52A1A3F5}.Release|Any CPU.Build.0 = Debug|Any CPU
		{CBBC6D5C-5051-4D66-B616-A59A52A1A3F5}.Release|Mixed Platforms.ActiveCfg = Release|x86
		{CBBC6D5C-5051-4D66-B616-A59A52A1A3F5}.Release|Mixed Platforms.Build.0 = Release|x86
		{CBBC6D5C-5051-4D66-B616-A59A52A1A3F5}.Release|x64.ActiveCfg = Release|Any CPU
		{CBBC6D5C-5051-4D66-B616-A59A52A1A3F5}.Release|x86.ActiveCfg = Release|Any CPU
		{73882D44-0194-400A-BCE4-F29D66417DE0}.Debug|Any CPU.ActiveCfg = Debug|Any CPU
		{73882D44-0194-400A-BCE4-F29D66417DE0}.Debug|Any CPU.Build.0 = Debug|Any CPU
		{73882D44-0194-400A-BCE4-F29D66417DE0}.Debug|Mixed Platforms.ActiveCfg = Debug|Any CPU
		{73882D44-0194-400A-BCE4-F29D66417DE0}.Debug|Mixed Platforms.Build.0 = Debug|Any CPU
		{73882D44-0194-400A-BCE4-F29D66417DE0}.Debug|x64.ActiveCfg = Debug|Any CPU
		{73882D44-0194-400A-BCE4-F29D66417DE0}.Debug|x86.ActiveCfg = Debug|x86
		{73882D44-0194-400A-BCE4-F29D66417DE0}.Debug|x86.Build.0 = Debug|x86
		{73882D44-0194-400A-BCE4-F29D66417DE0}.Release|Any CPU.ActiveCfg = Release|Any CPU
		{73882D44-0194-400A-BCE4-F29D66417DE0}.Release|Any CPU.Build.0 = Release|Any CPU
		{73882D44-0194-400A-BCE4-F29D66417DE0}.Release|Mixed Platforms.ActiveCfg = Release|x86
		{73882D44-0194-400A-BCE4-F29D66417DE0}.Release|Mixed Platforms.Build.0 = Release|x86
		{73882D44-0194-400A-BCE4-F29D66417DE0}.Release|x64.ActiveCfg = Release|Any CPU
		{73882D44-0194-400A-BCE4-F29D66417DE0}.Release|x86.ActiveCfg = Release|Any CPU
		{D51DAF7E-094E-45E7-AC6B-BE22DF1C4B4A}.Debug|Any CPU.ActiveCfg = Debug|Any CPU
		{D51DAF7E-094E-45E7-AC6B-BE22DF1C4B4A}.Debug|Any CPU.Build.0 = Debug|Any CPU
		{D51DAF7E-094E-45E7-AC6B-BE22DF1C4B4A}.Debug|Mixed Platforms.ActiveCfg = Debug|x86
		{D51DAF7E-094E-45E7-AC6B-BE22DF1C4B4A}.Debug|Mixed Platforms.Build.0 = Debug|x86
		{D51DAF7E-094E-45E7-AC6B-BE22DF1C4B4A}.Debug|x64.ActiveCfg = Debug|Any CPU
		{D51DAF7E-094E-45E7-AC6B-BE22DF1C4B4A}.Debug|x86.ActiveCfg = Debug|x86
		{D51DAF7E-094E-45E7-AC6B-BE22DF1C4B4A}.Debug|x86.Build.0 = Debug|x86
		{D51DAF7E-094E-45E7-AC6B-BE22DF1C4B4A}.Release|Any CPU.ActiveCfg = Release|Any CPU
		{D51DAF7E-094E-45E7-AC6B-BE22DF1C4B4A}.Release|Any CPU.Build.0 = Release|Any CPU
		{D51DAF7E-094E-45E7-AC6B-BE22DF1C4B4A}.Release|Mixed Platforms.ActiveCfg = Release|x86
		{D51DAF7E-094E-45E7-AC6B-BE22DF1C4B4A}.Release|Mixed Platforms.Build.0 = Release|x86
		{D51DAF7E-094E-45E7-AC6B-BE22DF1C4B4A}.Release|x64.ActiveCfg = Release|Any CPU
		{D51DAF7E-094E-45E7-AC6B-BE22DF1C4B4A}.Release|x86.ActiveCfg = Release|Any CPU
		{1F52ECB5-6CD2-4D76-A4B7-A23131C9D195}.Debug|Any CPU.ActiveCfg = Debug|Any CPU
		{1F52ECB5-6CD2-4D76-A4B7-A23131C9D195}.Debug|Any CPU.Build.0 = Debug|Any CPU
		{1F52ECB5-6CD2-4D76-A4B7-A23131C9D195}.Debug|Mixed Platforms.ActiveCfg = Debug|x86
		{1F52ECB5-6CD2-4D76-A4B7-A23131C9D195}.Debug|Mixed Platforms.Build.0 = Debug|x86
		{1F52ECB5-6CD2-4D76-A4B7-A23131C9D195}.Debug|x64.ActiveCfg = Debug|Any CPU
		{1F52ECB5-6CD2-4D76-A4B7-A23131C9D195}.Debug|x86.ActiveCfg = Debug|x86
		{1F52ECB5-6CD2-4D76-A4B7-A23131C9D195}.Debug|x86.Build.0 = Debug|x86
		{1F52ECB5-6CD2-4D76-A4B7-A23131C9D195}.Release|Any CPU.ActiveCfg = Release|Any CPU
		{1F52ECB5-6CD2-4D76-A4B7-A23131C9D195}.Release|Any CPU.Build.0 = Release|Any CPU
		{1F52ECB5-6CD2-4D76-A4B7-A23131C9D195}.Release|Mixed Platforms.ActiveCfg = Release|x86
		{1F52ECB5-6CD2-4D76-A4B7-A23131C9D195}.Release|Mixed Platforms.Build.0 = Release|x86
		{1F52ECB5-6CD2-4D76-A4B7-A23131C9D195}.Release|x64.ActiveCfg = Release|Any CPU
		{1F52ECB5-6CD2-4D76-A4B7-A23131C9D195}.Release|x86.ActiveCfg = Release|x86
		{1F52ECB5-6CD2-4D76-A4B7-A23131C9D195}.Release|x86.Build.0 = Release|x86
		{9C42FC2E-647B-46C1-BBA1-F8DC69536190}.Debug|Any CPU.ActiveCfg = Debug|Any CPU
		{9C42FC2E-647B-46C1-BBA1-F8DC69536190}.Debug|Any CPU.Build.0 = Debug|Any CPU
		{9C42FC2E-647B-46C1-BBA1-F8DC69536190}.Debug|Mixed Platforms.ActiveCfg = Debug|x86
		{9C42FC2E-647B-46C1-BBA1-F8DC69536190}.Debug|Mixed Platforms.Build.0 = Debug|x86
		{9C42FC2E-647B-46C1-BBA1-F8DC69536190}.Debug|x64.ActiveCfg = Debug|Any CPU
		{9C42FC2E-647B-46C1-BBA1-F8DC69536190}.Debug|x86.ActiveCfg = Debug|x86
		{9C42FC2E-647B-46C1-BBA1-F8DC69536190}.Debug|x86.Build.0 = Debug|x86
		{9C42FC2E-647B-46C1-BBA1-F8DC69536190}.Release|Any CPU.ActiveCfg = Release|Any CPU
		{9C42FC2E-647B-46C1-BBA1-F8DC69536190}.Release|Any CPU.Build.0 = Release|Any CPU
		{9C42FC2E-647B-46C1-BBA1-F8DC69536190}.Release|Mixed Platforms.ActiveCfg = Release|x86
		{9C42FC2E-647B-46C1-BBA1-F8DC69536190}.Release|Mixed Platforms.Build.0 = Release|x86
		{9C42FC2E-647B-46C1-BBA1-F8DC69536190}.Release|x64.ActiveCfg = Release|Any CPU
		{9C42FC2E-647B-46C1-BBA1-F8DC69536190}.Release|x86.ActiveCfg = Release|Any CPU
		{E0388E66-E36C-4ECA-ADCC-BFD115820C25}.Debug|Any CPU.ActiveCfg = Debug|Any CPU
		{E0388E66-E36C-4ECA-ADCC-BFD115820C25}.Debug|Any CPU.Build.0 = Debug|Any CPU
		{E0388E66-E36C-4ECA-ADCC-BFD115820C25}.Debug|Mixed Platforms.ActiveCfg = Debug|x86
		{E0388E66-E36C-4ECA-ADCC-BFD115820C25}.Debug|Mixed Platforms.Build.0 = Debug|x86
		{E0388E66-E36C-4ECA-ADCC-BFD115820C25}.Debug|x64.ActiveCfg = Debug|Any CPU
		{E0388E66-E36C-4ECA-ADCC-BFD115820C25}.Debug|x86.ActiveCfg = Debug|x86
		{E0388E66-E36C-4ECA-ADCC-BFD115820C25}.Debug|x86.Build.0 = Debug|x86
		{E0388E66-E36C-4ECA-ADCC-BFD115820C25}.Release|Any CPU.ActiveCfg = Release|Any CPU
		{E0388E66-E36C-4ECA-ADCC-BFD115820C25}.Release|Any CPU.Build.0 = Release|Any CPU
		{E0388E66-E36C-4ECA-ADCC-BFD115820C25}.Release|Mixed Platforms.ActiveCfg = Release|x86
		{E0388E66-E36C-4ECA-ADCC-BFD115820C25}.Release|Mixed Platforms.Build.0 = Release|x86
		{E0388E66-E36C-4ECA-ADCC-BFD115820C25}.Release|x64.ActiveCfg = Release|Any CPU
		{E0388E66-E36C-4ECA-ADCC-BFD115820C25}.Release|x86.ActiveCfg = Release|Any CPU
		{4903D3E4-F6DD-49B8-998B-470277120271}.Debug|Any CPU.ActiveCfg = Debug|Any CPU
		{4903D3E4-F6DD-49B8-998B-470277120271}.Debug|Any CPU.Build.0 = Debug|Any CPU
		{4903D3E4-F6DD-49B8-998B-470277120271}.Debug|Mixed Platforms.ActiveCfg = Debug|x86
		{4903D3E4-F6DD-49B8-998B-470277120271}.Debug|Mixed Platforms.Build.0 = Debug|x86
		{4903D3E4-F6DD-49B8-998B-470277120271}.Debug|x64.ActiveCfg = Debug|Any CPU
		{4903D3E4-F6DD-49B8-998B-470277120271}.Debug|x86.ActiveCfg = Debug|x86
		{4903D3E4-F6DD-49B8-998B-470277120271}.Debug|x86.Build.0 = Debug|x86
		{4903D3E4-F6DD-49B8-998B-470277120271}.Release|Any CPU.ActiveCfg = Release|Any CPU
		{4903D3E4-F6DD-49B8-998B-470277120271}.Release|Any CPU.Build.0 = Release|Any CPU
		{4903D3E4-F6DD-49B8-998B-470277120271}.Release|Mixed Platforms.ActiveCfg = Release|x86
		{4903D3E4-F6DD-49B8-998B-470277120271}.Release|Mixed Platforms.Build.0 = Release|x86
		{4903D3E4-F6DD-49B8-998B-470277120271}.Release|x64.ActiveCfg = Release|Any CPU
		{4903D3E4-F6DD-49B8-998B-470277120271}.Release|x86.ActiveCfg = Release|Any CPU
		{75119B7F-6521-405B-A646-2BDD77A7BF67}.Debug|Any CPU.ActiveCfg = Debug|Any CPU
		{75119B7F-6521-405B-A646-2BDD77A7BF67}.Debug|Any CPU.Build.0 = Debug|Any CPU
		{75119B7F-6521-405B-A646-2BDD77A7BF67}.Debug|Mixed Platforms.ActiveCfg = Debug|x86
		{75119B7F-6521-405B-A646-2BDD77A7BF67}.Debug|Mixed Platforms.Build.0 = Debug|x86
		{75119B7F-6521-405B-A646-2BDD77A7BF67}.Debug|x64.ActiveCfg = Debug|Any CPU
		{75119B7F-6521-405B-A646-2BDD77A7BF67}.Debug|x86.ActiveCfg = Debug|x86
		{75119B7F-6521-405B-A646-2BDD77A7BF67}.Debug|x86.Build.0 = Debug|x86
		{75119B7F-6521-405B-A646-2BDD77A7BF67}.Release|Any CPU.ActiveCfg = Release|Any CPU
		{75119B7F-6521-405B-A646-2BDD77A7BF67}.Release|Any CPU.Build.0 = Release|Any CPU
		{75119B7F-6521-405B-A646-2BDD77A7BF67}.Release|Mixed Platforms.ActiveCfg = Release|x86
		{75119B7F-6521-405B-A646-2BDD77A7BF67}.Release|Mixed Platforms.Build.0 = Release|x86
		{75119B7F-6521-405B-A646-2BDD77A7BF67}.Release|x64.ActiveCfg = Release|Any CPU
		{75119B7F-6521-405B-A646-2BDD77A7BF67}.Release|x86.ActiveCfg = Release|Any CPU
		{264509A1-82A6-4087-9C93-7E4236AA64EC}.Debug|Any CPU.ActiveCfg = Debug|Any CPU
		{264509A1-82A6-4087-9C93-7E4236AA64EC}.Debug|Any CPU.Build.0 = Debug|Any CPU
		{264509A1-82A6-4087-9C93-7E4236AA64EC}.Debug|Mixed Platforms.ActiveCfg = Debug|Any CPU
		{264509A1-82A6-4087-9C93-7E4236AA64EC}.Debug|Mixed Platforms.Build.0 = Debug|Any CPU
		{264509A1-82A6-4087-9C93-7E4236AA64EC}.Debug|x64.ActiveCfg = Debug|Any CPU
		{264509A1-82A6-4087-9C93-7E4236AA64EC}.Debug|x86.ActiveCfg = Debug|Any CPU
		{264509A1-82A6-4087-9C93-7E4236AA64EC}.Release|Any CPU.ActiveCfg = Release|Any CPU
		{264509A1-82A6-4087-9C93-7E4236AA64EC}.Release|Any CPU.Build.0 = Release|Any CPU
		{264509A1-82A6-4087-9C93-7E4236AA64EC}.Release|Mixed Platforms.ActiveCfg = Release|Any CPU
		{264509A1-82A6-4087-9C93-7E4236AA64EC}.Release|Mixed Platforms.Build.0 = Release|Any CPU
		{264509A1-82A6-4087-9C93-7E4236AA64EC}.Release|x64.ActiveCfg = Release|Any CPU
		{264509A1-82A6-4087-9C93-7E4236AA64EC}.Release|x86.ActiveCfg = Release|Any CPU
		{0A633FC7-B805-49D6-8597-0E86E566C972}.Debug|Any CPU.ActiveCfg = Debug|Any CPU
		{0A633FC7-B805-49D6-8597-0E86E566C972}.Debug|Any CPU.Build.0 = Debug|Any CPU
		{0A633FC7-B805-49D6-8597-0E86E566C972}.Debug|Mixed Platforms.ActiveCfg = Debug|Any CPU
		{0A633FC7-B805-49D6-8597-0E86E566C972}.Debug|Mixed Platforms.Build.0 = Debug|Any CPU
		{0A633FC7-B805-49D6-8597-0E86E566C972}.Debug|x64.ActiveCfg = Debug|Any CPU
		{0A633FC7-B805-49D6-8597-0E86E566C972}.Debug|x86.ActiveCfg = Debug|Any CPU
		{0A633FC7-B805-49D6-8597-0E86E566C972}.Release|Any CPU.ActiveCfg = Release|Any CPU
		{0A633FC7-B805-49D6-8597-0E86E566C972}.Release|Any CPU.Build.0 = Release|Any CPU
		{0A633FC7-B805-49D6-8597-0E86E566C972}.Release|Mixed Platforms.ActiveCfg = Release|Any CPU
		{0A633FC7-B805-49D6-8597-0E86E566C972}.Release|Mixed Platforms.Build.0 = Release|Any CPU
		{0A633FC7-B805-49D6-8597-0E86E566C972}.Release|x64.ActiveCfg = Release|Any CPU
		{0A633FC7-B805-49D6-8597-0E86E566C972}.Release|x86.ActiveCfg = Release|Any CPU
		{571CC936-D324-431E-A671-1131C2525A15}.Debug|Any CPU.ActiveCfg = Debug|Any CPU
		{571CC936-D324-431E-A671-1131C2525A15}.Debug|Any CPU.Build.0 = Debug|Any CPU
		{571CC936-D324-431E-A671-1131C2525A15}.Debug|Mixed Platforms.ActiveCfg = Debug|Any CPU
		{571CC936-D324-431E-A671-1131C2525A15}.Debug|Mixed Platforms.Build.0 = Debug|Any CPU
		{571CC936-D324-431E-A671-1131C2525A15}.Debug|x64.ActiveCfg = Debug|Any CPU
		{571CC936-D324-431E-A671-1131C2525A15}.Debug|x86.ActiveCfg = Debug|Any CPU
		{571CC936-D324-431E-A671-1131C2525A15}.Release|Any CPU.ActiveCfg = Release|Any CPU
		{571CC936-D324-431E-A671-1131C2525A15}.Release|Any CPU.Build.0 = Release|Any CPU
		{571CC936-D324-431E-A671-1131C2525A15}.Release|Mixed Platforms.ActiveCfg = Release|Any CPU
		{571CC936-D324-431E-A671-1131C2525A15}.Release|Mixed Platforms.Build.0 = Release|Any CPU
		{571CC936-D324-431E-A671-1131C2525A15}.Release|x64.ActiveCfg = Release|Any CPU
		{571CC936-D324-431E-A671-1131C2525A15}.Release|x86.ActiveCfg = Release|Any CPU
		{EF36E48C-A9D2-464E-8EFD-CBD050E0A2DC}.Debug|Any CPU.ActiveCfg = Debug|Any CPU
		{EF36E48C-A9D2-464E-8EFD-CBD050E0A2DC}.Debug|Any CPU.Build.0 = Debug|Any CPU
		{EF36E48C-A9D2-464E-8EFD-CBD050E0A2DC}.Debug|Mixed Platforms.ActiveCfg = Debug|Any CPU
		{EF36E48C-A9D2-464E-8EFD-CBD050E0A2DC}.Debug|Mixed Platforms.Build.0 = Debug|Any CPU
		{EF36E48C-A9D2-464E-8EFD-CBD050E0A2DC}.Debug|x64.ActiveCfg = Debug|Any CPU
		{EF36E48C-A9D2-464E-8EFD-CBD050E0A2DC}.Debug|x86.ActiveCfg = Debug|Any CPU
		{EF36E48C-A9D2-464E-8EFD-CBD050E0A2DC}.Release|Any CPU.ActiveCfg = Release|Any CPU
		{EF36E48C-A9D2-464E-8EFD-CBD050E0A2DC}.Release|Any CPU.Build.0 = Release|Any CPU
		{EF36E48C-A9D2-464E-8EFD-CBD050E0A2DC}.Release|Mixed Platforms.ActiveCfg = Release|Any CPU
		{EF36E48C-A9D2-464E-8EFD-CBD050E0A2DC}.Release|Mixed Platforms.Build.0 = Release|Any CPU
		{EF36E48C-A9D2-464E-8EFD-CBD050E0A2DC}.Release|x64.ActiveCfg = Release|Any CPU
		{EF36E48C-A9D2-464E-8EFD-CBD050E0A2DC}.Release|x86.ActiveCfg = Release|Any CPU
		{43471557-4354-40A1-BAE9-79FF275DE13D}.Debug|Any CPU.ActiveCfg = Debug|Any CPU
		{43471557-4354-40A1-BAE9-79FF275DE13D}.Debug|Any CPU.Build.0 = Debug|Any CPU
		{43471557-4354-40A1-BAE9-79FF275DE13D}.Debug|Mixed Platforms.ActiveCfg = Debug|Any CPU
		{43471557-4354-40A1-BAE9-79FF275DE13D}.Debug|Mixed Platforms.Build.0 = Debug|Any CPU
		{43471557-4354-40A1-BAE9-79FF275DE13D}.Debug|x64.ActiveCfg = Debug|Any CPU
		{43471557-4354-40A1-BAE9-79FF275DE13D}.Debug|x86.ActiveCfg = Debug|Any CPU
		{43471557-4354-40A1-BAE9-79FF275DE13D}.Release|Any CPU.ActiveCfg = Release|Any CPU
		{43471557-4354-40A1-BAE9-79FF275DE13D}.Release|Any CPU.Build.0 = Release|Any CPU
		{43471557-4354-40A1-BAE9-79FF275DE13D}.Release|Mixed Platforms.ActiveCfg = Release|Any CPU
		{43471557-4354-40A1-BAE9-79FF275DE13D}.Release|Mixed Platforms.Build.0 = Release|Any CPU
		{43471557-4354-40A1-BAE9-79FF275DE13D}.Release|x64.ActiveCfg = Release|Any CPU
		{43471557-4354-40A1-BAE9-79FF275DE13D}.Release|x86.ActiveCfg = Release|Any CPU
	EndGlobalSection
	GlobalSection(SolutionProperties) = preSolution
		HideSolutionNode = FALSE
	EndGlobalSection
	GlobalSection(NestedProjects) = preSolution
		{70AC8A83-9850-4F73-B7BC-541EB2505BE6} = {4754DB5D-7261-453A-87DF-F2AB068AE6AF}
		{C46DE069-F581-4AFE-BE34-387C5D46DDEF} = {E54DCF27-1592-467F-8E05-F0B9745111E0}
		{4D3EDA78-028E-48CB-9C6F-75F3547CAE82} = {E54DCF27-1592-467F-8E05-F0B9745111E0}
		{D51DAF7E-094E-45E7-AC6B-BE22DF1C4B4A} = {4D3EDA78-028E-48CB-9C6F-75F3547CAE82}
		{0A633FC7-B805-49D6-8597-0E86E566C972} = {4D3EDA78-028E-48CB-9C6F-75F3547CAE82}
		{571CC936-D324-431E-A671-1131C2525A15} = {4D3EDA78-028E-48CB-9C6F-75F3547CAE82}
		{73882D44-0194-400A-BCE4-F29D66417DE0} = {136A55B7-BED5-4FC7-8129-DE53386E3FD3}
		{9C42FC2E-647B-46C1-BBA1-F8DC69536190} = {898BC1D2-623D-4048-A88C-89974E01FCC8}
		{75119B7F-6521-405B-A646-2BDD77A7BF67} = {898BC1D2-623D-4048-A88C-89974E01FCC8}
		{9F56515E-D17B-4A19-A4F2-32E84D395831} = {898BC1D2-623D-4048-A88C-89974E01FCC8}
		{264509A1-82A6-4087-9C93-7E4236AA64EC} = {898BC1D2-623D-4048-A88C-89974E01FCC8}
		{EF36E48C-A9D2-464E-8EFD-CBD050E0A2DC} = {898BC1D2-623D-4048-A88C-89974E01FCC8}
		{43471557-4354-40A1-BAE9-79FF275DE13D} = {898BC1D2-623D-4048-A88C-89974E01FCC8}
	EndGlobalSection
EndGlobal
