
Microsoft Visual Studio Solution File, Format Version 12.00
# Visual Studio 2012
Project("{F2A71F9B-5D33-465A-A702-920D77279786}") = "Elements", "Elements\Elements.fsproj", "{3C5D1A4F-F93D-4BDE-86E5-BDEBD0156FF1}"
EndProject
Project("{F2A71F9B-5D33-465A-A702-920D77279786}") = "App", "App\App.fsproj", "{F7043289-3AE8-4DEE-8315-FDE38C97793E}"
EndProject
Global
	GlobalSection(SolutionConfigurationPlatforms) = preSolution
		Debug|Any CPU = Debug|Any CPU
		Release|Any CPU = Release|Any CPU
	EndGlobalSection
	GlobalSection(ProjectConfigurationPlatforms) = postSolution
		{3C5D1A4F-F93D-4BDE-86E5-BDEBD0156FF1}.Debug|Any CPU.ActiveCfg = Debug|Any CPU
		{3C5D1A4F-F93D-4BDE-86E5-BDEBD0156FF1}.Debug|Any CPU.Build.0 = Debug|Any CPU
		{3C5D1A4F-F93D-4BDE-86E5-BDEBD0156FF1}.Release|Any CPU.ActiveCfg = Release|Any CPU
		{3C5D1A4F-F93D-4BDE-86E5-BDEBD0156FF1}.Release|Any CPU.Build.0 = Release|Any CPU
		{F7043289-3AE8-4DEE-8315-FDE38C97793E}.Debug|Any CPU.ActiveCfg = Debug|Any CPU
		{F7043289-3AE8-4DEE-8315-FDE38C97793E}.Debug|Any CPU.Build.0 = Debug|Any CPU
		{F7043289-3AE8-4DEE-8315-FDE38C97793E}.Release|Any CPU.ActiveCfg = Release|Any CPU
		{F7043289-3AE8-4DEE-8315-FDE38C97793E}.Release|Any CPU.Build.0 = Release|Any CPU
	EndGlobalSection
	GlobalSection(SolutionProperties) = preSolution
		HideSolutionNode = FALSE
	EndGlobalSection
EndGlobal
