
Microsoft Visual Studio Solution File, Format Version 12.00
# Visual Studio 2012
Project("{FAE04EC0-301F-11D3-BF4B-00C04F79EFBC}") = "Brahma", "Brahma\Brahma.csproj", "{0E731438-DD9E-4444-950D-EF2DE31D3E97}"
EndProject
Project("{FAE04EC0-301F-11D3-BF4B-00C04F79EFBC}") = "Brahma.Helpers", "Samples\Brahma.Samples\Brahma.Helpers.csproj", "{C46DE069-F581-4AFE-BE34-387C5D46DDEF}"
EndProject
Project("{2150E333-8FDC-42A3-9474-1A3956D46DE8}") = "Tests", "Tests", "{136A55B7-BED5-4FC7-8129-DE53386E3FD3}"
EndProject
Project("{F2A71F9B-5D33-465A-A702-920D77279786}") = "Brahma.FSharp.OpenCL.Translator", "Brahma.FSharp.OpenCL.Translator\Brahma.FSharp.OpenCL.Translator.fsproj", "{BBB08EB4-A2AE-430B-A29C-3B3446F69A6D}"
EndProject
Project("{F2A71F9B-5D33-465A-A702-920D77279786}") = "Brahma.FSharp.OpenCL.Printer", "Brahma.FSharp.OpenCL.Printer\Brahma.FSharp.OpenCL.Printer.fsproj", "{F43CAB12-684E-4F92-938B-4E98B8284DAA}"
EndProject
Project("{F2A71F9B-5D33-465A-A702-920D77279786}") = "Brahma.FSharp.OpenCL.Core", "Brahma.FSharp.OpenCL.Core\Brahma.FSharp.OpenCL.Core.fsproj", "{CBBC6D5C-5051-4D66-B616-A59A52A1A3F5}"
EndProject
Project("{F2A71F9B-5D33-465A-A702-920D77279786}") = "Brahma.FSharp.OpenCL.Tests", "Brahma.FSharp.OpenCL.Tests\Brahma.FSharp.OpenCL.Tests.fsproj", "{73882D44-0194-400A-BCE4-F29D66417DE0}"
EndProject
Project("{FAE04EC0-301F-11D3-BF4B-00C04F79EFBC}") = "Brahma.OpenCL", "Brahma.OpenCL\Brahma.OpenCL.csproj", "{1F52ECB5-6CD2-4D76-A4B7-A23131C9D195}"
EndProject
Project("{F2A71F9B-5D33-465A-A702-920D77279786}") = "Brahma.FSharp.OpenCL.AST", "Brahma.FSharp.OpenCL.AST\Brahma.FSharp.OpenCL.AST.fsproj", "{E0388E66-E36C-4ECA-ADCC-BFD115820C25}"
EndProject
Project("{F2A71F9B-5D33-465A-A702-920D77279786}") = "Brahma.FSharp.OpenCL.Extensions", "Brahma.FSharp.OpenCL.Extensions\Brahma.FSharp.OpenCL.Extensions.fsproj", "{4903D3E4-F6DD-49B8-998B-470277120271}"
EndProject
Project("{2150E333-8FDC-42A3-9474-1A3956D46DE8}") = ".nuget", ".nuget", "{36DC1614-B33B-4368-AC93-8E5673E885E2}"
	ProjectSection(SolutionItems) = preProject
		.nuget\NuGet.Config = .nuget\NuGet.Config
		.nuget\NuGet.exe = .nuget\NuGet.exe
		.nuget\NuGet.targets = .nuget\NuGet.targets
	EndProjectSection
EndProject
Project("{F2A71F9B-5D33-465A-A702-920D77279786}") = "Brahma.FSharp.TTA.AST", "Brahma.FSharp.TTA.AST\Brahma.FSharp.TTA.AST.fsproj", "{7A40F672-96F9-4964-8904-4F62F0579D25}"
EndProject
Project("{F2A71F9B-5D33-465A-A702-920D77279786}") = "Brahma.FSharp.TTA.Translator", "Brahma.FSharp.TTA.Translator\Brahma.FSharp.TTA.Translator.fsproj", "{16179376-1E1B-41B1-BE1B-DEFD67D6BB3B}"
EndProject
Project("{F2A71F9B-5D33-465A-A702-920D77279786}") = "Brahma.FSharp.TTA.Core", "Brahma.FSharp.TTA.Core\Brahma.FSharp.TTA.Core.fsproj", "{A216C91D-11AD-4448-B83F-BFE8543FAFEB}"
EndProject
Global
	GlobalSection(SolutionConfigurationPlatforms) = preSolution
		Debug|Any CPU = Debug|Any CPU
		Debug|Mixed Platforms = Debug|Mixed Platforms
		Debug|x64 = Debug|x64
		Debug|x86 = Debug|x86
		Release|Any CPU = Release|Any CPU
		Release|Mixed Platforms = Release|Mixed Platforms
		Release|x64 = Release|x64
		Release|x86 = Release|x86
	EndGlobalSection
	GlobalSection(ProjectConfigurationPlatforms) = postSolution
		{0E731438-DD9E-4444-950D-EF2DE31D3E97}.Debug|Any CPU.ActiveCfg = Debug|Any CPU
		{0E731438-DD9E-4444-950D-EF2DE31D3E97}.Debug|Any CPU.Build.0 = Debug|Any CPU
		{0E731438-DD9E-4444-950D-EF2DE31D3E97}.Debug|Mixed Platforms.ActiveCfg = Debug|x86
		{0E731438-DD9E-4444-950D-EF2DE31D3E97}.Debug|Mixed Platforms.Build.0 = Debug|x86
		{0E731438-DD9E-4444-950D-EF2DE31D3E97}.Debug|x64.ActiveCfg = Debug|Any CPU
		{0E731438-DD9E-4444-950D-EF2DE31D3E97}.Debug|x86.ActiveCfg = Debug|x86
		{0E731438-DD9E-4444-950D-EF2DE31D3E97}.Debug|x86.Build.0 = Debug|x86
		{0E731438-DD9E-4444-950D-EF2DE31D3E97}.Release|Any CPU.ActiveCfg = Release|Any CPU
		{0E731438-DD9E-4444-950D-EF2DE31D3E97}.Release|Any CPU.Build.0 = Release|Any CPU
		{0E731438-DD9E-4444-950D-EF2DE31D3E97}.Release|Mixed Platforms.ActiveCfg = Release|x86
		{0E731438-DD9E-4444-950D-EF2DE31D3E97}.Release|Mixed Platforms.Build.0 = Release|x86
		{0E731438-DD9E-4444-950D-EF2DE31D3E97}.Release|x64.ActiveCfg = Release|Any CPU
		{0E731438-DD9E-4444-950D-EF2DE31D3E97}.Release|x86.ActiveCfg = Release|Any CPU
		{C46DE069-F581-4AFE-BE34-387C5D46DDEF}.Debug|Any CPU.ActiveCfg = Debug|Any CPU
		{C46DE069-F581-4AFE-BE34-387C5D46DDEF}.Debug|Any CPU.Build.0 = Debug|Any CPU
		{C46DE069-F581-4AFE-BE34-387C5D46DDEF}.Debug|Mixed Platforms.ActiveCfg = Debug|x86
		{C46DE069-F581-4AFE-BE34-387C5D46DDEF}.Debug|Mixed Platforms.Build.0 = Debug|x86
		{C46DE069-F581-4AFE-BE34-387C5D46DDEF}.Debug|x64.ActiveCfg = Debug|Any CPU
		{C46DE069-F581-4AFE-BE34-387C5D46DDEF}.Debug|x86.ActiveCfg = Debug|x86
		{C46DE069-F581-4AFE-BE34-387C5D46DDEF}.Debug|x86.Build.0 = Debug|x86
		{C46DE069-F581-4AFE-BE34-387C5D46DDEF}.Release|Any CPU.ActiveCfg = Release|Any CPU
		{C46DE069-F581-4AFE-BE34-387C5D46DDEF}.Release|Any CPU.Build.0 = Release|Any CPU
		{C46DE069-F581-4AFE-BE34-387C5D46DDEF}.Release|Mixed Platforms.ActiveCfg = Release|x86
		{C46DE069-F581-4AFE-BE34-387C5D46DDEF}.Release|Mixed Platforms.Build.0 = Release|x86
		{C46DE069-F581-4AFE-BE34-387C5D46DDEF}.Release|x64.ActiveCfg = Release|Any CPU
		{C46DE069-F581-4AFE-BE34-387C5D46DDEF}.Release|x86.ActiveCfg = Release|Any CPU
		{BBB08EB4-A2AE-430B-A29C-3B3446F69A6D}.Debug|Any CPU.ActiveCfg = Debug|Any CPU
		{BBB08EB4-A2AE-430B-A29C-3B3446F69A6D}.Debug|Any CPU.Build.0 = Debug|Any CPU
		{BBB08EB4-A2AE-430B-A29C-3B3446F69A6D}.Debug|Mixed Platforms.ActiveCfg = Debug|x86
		{BBB08EB4-A2AE-430B-A29C-3B3446F69A6D}.Debug|Mixed Platforms.Build.0 = Debug|x86
		{BBB08EB4-A2AE-430B-A29C-3B3446F69A6D}.Debug|x64.ActiveCfg = Debug|Any CPU
		{BBB08EB4-A2AE-430B-A29C-3B3446F69A6D}.Debug|x86.ActiveCfg = Debug|x86
		{BBB08EB4-A2AE-430B-A29C-3B3446F69A6D}.Debug|x86.Build.0 = Debug|x86
		{BBB08EB4-A2AE-430B-A29C-3B3446F69A6D}.Release|Any CPU.ActiveCfg = Release|Any CPU
		{BBB08EB4-A2AE-430B-A29C-3B3446F69A6D}.Release|Any CPU.Build.0 = Release|Any CPU
		{BBB08EB4-A2AE-430B-A29C-3B3446F69A6D}.Release|Mixed Platforms.ActiveCfg = Release|x86
		{BBB08EB4-A2AE-430B-A29C-3B3446F69A6D}.Release|Mixed Platforms.Build.0 = Release|x86
		{BBB08EB4-A2AE-430B-A29C-3B3446F69A6D}.Release|x64.ActiveCfg = Release|Any CPU
		{BBB08EB4-A2AE-430B-A29C-3B3446F69A6D}.Release|x86.ActiveCfg = Release|Any CPU
		{F43CAB12-684E-4F92-938B-4E98B8284DAA}.Debug|Any CPU.ActiveCfg = Debug|Any CPU
		{F43CAB12-684E-4F92-938B-4E98B8284DAA}.Debug|Any CPU.Build.0 = Debug|Any CPU
		{F43CAB12-684E-4F92-938B-4E98B8284DAA}.Debug|Mixed Platforms.ActiveCfg = Debug|x86
		{F43CAB12-684E-4F92-938B-4E98B8284DAA}.Debug|Mixed Platforms.Build.0 = Debug|x86
		{F43CAB12-684E-4F92-938B-4E98B8284DAA}.Debug|x64.ActiveCfg = Debug|Any CPU
		{F43CAB12-684E-4F92-938B-4E98B8284DAA}.Debug|x86.ActiveCfg = Debug|x86
		{F43CAB12-684E-4F92-938B-4E98B8284DAA}.Debug|x86.Build.0 = Debug|x86
		{F43CAB12-684E-4F92-938B-4E98B8284DAA}.Release|Any CPU.ActiveCfg = Release|Any CPU
		{F43CAB12-684E-4F92-938B-4E98B8284DAA}.Release|Any CPU.Build.0 = Release|Any CPU
		{F43CAB12-684E-4F92-938B-4E98B8284DAA}.Release|Mixed Platforms.ActiveCfg = Release|x86
		{F43CAB12-684E-4F92-938B-4E98B8284DAA}.Release|Mixed Platforms.Build.0 = Release|x86
		{F43CAB12-684E-4F92-938B-4E98B8284DAA}.Release|x64.ActiveCfg = Release|Any CPU
		{F43CAB12-684E-4F92-938B-4E98B8284DAA}.Release|x86.ActiveCfg = Release|Any CPU
		{CBBC6D5C-5051-4D66-B616-A59A52A1A3F5}.Debug|Any CPU.ActiveCfg = Debug|Any CPU
		{CBBC6D5C-5051-4D66-B616-A59A52A1A3F5}.Debug|Any CPU.Build.0 = Debug|Any CPU
		{CBBC6D5C-5051-4D66-B616-A59A52A1A3F5}.Debug|Mixed Platforms.ActiveCfg = Debug|x86
		{CBBC6D5C-5051-4D66-B616-A59A52A1A3F5}.Debug|Mixed Platforms.Build.0 = Debug|x86
		{CBBC6D5C-5051-4D66-B616-A59A52A1A3F5}.Debug|x64.ActiveCfg = Debug|Any CPU
		{CBBC6D5C-5051-4D66-B616-A59A52A1A3F5}.Debug|x86.ActiveCfg = Debug|x86
		{CBBC6D5C-5051-4D66-B616-A59A52A1A3F5}.Debug|x86.Build.0 = Debug|x86
		{CBBC6D5C-5051-4D66-B616-A59A52A1A3F5}.Release|Any CPU.ActiveCfg = Debug|Any CPU
		{CBBC6D5C-5051-4D66-B616-A59A52A1A3F5}.Release|Any CPU.Build.0 = Debug|Any CPU
		{CBBC6D5C-5051-4D66-B616-A59A52A1A3F5}.Release|Mixed Platforms.ActiveCfg = Release|x86
		{CBBC6D5C-5051-4D66-B616-A59A52A1A3F5}.Release|Mixed Platforms.Build.0 = Release|x86
		{CBBC6D5C-5051-4D66-B616-A59A52A1A3F5}.Release|x64.ActiveCfg = Release|Any CPU
		{CBBC6D5C-5051-4D66-B616-A59A52A1A3F5}.Release|x86.ActiveCfg = Release|Any CPU
		{73882D44-0194-400A-BCE4-F29D66417DE0}.Debug|Any CPU.ActiveCfg = Debug|Any CPU
		{73882D44-0194-400A-BCE4-F29D66417DE0}.Debug|Any CPU.Build.0 = Debug|Any CPU
		{73882D44-0194-400A-BCE4-F29D66417DE0}.Debug|Mixed Platforms.ActiveCfg = Debug|Any CPU
		{73882D44-0194-400A-BCE4-F29D66417DE0}.Debug|Mixed Platforms.Build.0 = Debug|Any CPU
		{73882D44-0194-400A-BCE4-F29D66417DE0}.Debug|x64.ActiveCfg = Debug|Any CPU
		{73882D44-0194-400A-BCE4-F29D66417DE0}.Debug|x86.ActiveCfg = Debug|x86
		{73882D44-0194-400A-BCE4-F29D66417DE0}.Debug|x86.Build.0 = Debug|x86
		{73882D44-0194-400A-BCE4-F29D66417DE0}.Release|Any CPU.ActiveCfg = Release|Any CPU
		{73882D44-0194-400A-BCE4-F29D66417DE0}.Release|Any CPU.Build.0 = Release|Any CPU
		{73882D44-0194-400A-BCE4-F29D66417DE0}.Release|Mixed Platforms.ActiveCfg = Release|x86
		{73882D44-0194-400A-BCE4-F29D66417DE0}.Release|Mixed Platforms.Build.0 = Release|x86
		{73882D44-0194-400A-BCE4-F29D66417DE0}.Release|x64.ActiveCfg = Release|Any CPU
		{73882D44-0194-400A-BCE4-F29D66417DE0}.Release|x86.ActiveCfg = Release|Any CPU
		{1F52ECB5-6CD2-4D76-A4B7-A23131C9D195}.Debug|Any CPU.ActiveCfg = Debug|Any CPU
		{1F52ECB5-6CD2-4D76-A4B7-A23131C9D195}.Debug|Any CPU.Build.0 = Debug|Any CPU
		{1F52ECB5-6CD2-4D76-A4B7-A23131C9D195}.Debug|Mixed Platforms.ActiveCfg = Debug|x86
		{1F52ECB5-6CD2-4D76-A4B7-A23131C9D195}.Debug|Mixed Platforms.Build.0 = Debug|x86
		{1F52ECB5-6CD2-4D76-A4B7-A23131C9D195}.Debug|x64.ActiveCfg = Debug|Any CPU
		{1F52ECB5-6CD2-4D76-A4B7-A23131C9D195}.Debug|x86.ActiveCfg = Debug|x86
		{1F52ECB5-6CD2-4D76-A4B7-A23131C9D195}.Debug|x86.Build.0 = Debug|x86
		{1F52ECB5-6CD2-4D76-A4B7-A23131C9D195}.Release|Any CPU.ActiveCfg = Release|Any CPU
		{1F52ECB5-6CD2-4D76-A4B7-A23131C9D195}.Release|Any CPU.Build.0 = Release|Any CPU
		{1F52ECB5-6CD2-4D76-A4B7-A23131C9D195}.Release|Mixed Platforms.ActiveCfg = Release|x86
		{1F52ECB5-6CD2-4D76-A4B7-A23131C9D195}.Release|Mixed Platforms.Build.0 = Release|x86
		{1F52ECB5-6CD2-4D76-A4B7-A23131C9D195}.Release|x64.ActiveCfg = Release|Any CPU
		{1F52ECB5-6CD2-4D76-A4B7-A23131C9D195}.Release|x86.ActiveCfg = Release|x86
		{1F52ECB5-6CD2-4D76-A4B7-A23131C9D195}.Release|x86.Build.0 = Release|x86
		{E0388E66-E36C-4ECA-ADCC-BFD115820C25}.Debug|Any CPU.ActiveCfg = Debug|Any CPU
		{E0388E66-E36C-4ECA-ADCC-BFD115820C25}.Debug|Any CPU.Build.0 = Debug|Any CPU
		{E0388E66-E36C-4ECA-ADCC-BFD115820C25}.Debug|Mixed Platforms.ActiveCfg = Debug|x86
		{E0388E66-E36C-4ECA-ADCC-BFD115820C25}.Debug|Mixed Platforms.Build.0 = Debug|x86
		{E0388E66-E36C-4ECA-ADCC-BFD115820C25}.Debug|x64.ActiveCfg = Debug|Any CPU
		{E0388E66-E36C-4ECA-ADCC-BFD115820C25}.Debug|x86.ActiveCfg = Debug|x86
		{E0388E66-E36C-4ECA-ADCC-BFD115820C25}.Debug|x86.Build.0 = Debug|x86
		{E0388E66-E36C-4ECA-ADCC-BFD115820C25}.Release|Any CPU.ActiveCfg = Release|Any CPU
		{E0388E66-E36C-4ECA-ADCC-BFD115820C25}.Release|Any CPU.Build.0 = Release|Any CPU
		{E0388E66-E36C-4ECA-ADCC-BFD115820C25}.Release|Mixed Platforms.ActiveCfg = Release|x86
		{E0388E66-E36C-4ECA-ADCC-BFD115820C25}.Release|Mixed Platforms.Build.0 = Release|x86
		{E0388E66-E36C-4ECA-ADCC-BFD115820C25}.Release|x64.ActiveCfg = Release|Any CPU
		{E0388E66-E36C-4ECA-ADCC-BFD115820C25}.Release|x86.ActiveCfg = Release|Any CPU
		{4903D3E4-F6DD-49B8-998B-470277120271}.Debug|Any CPU.ActiveCfg = Debug|Any CPU
		{4903D3E4-F6DD-49B8-998B-470277120271}.Debug|Any CPU.Build.0 = Debug|Any CPU
		{4903D3E4-F6DD-49B8-998B-470277120271}.Debug|Mixed Platforms.ActiveCfg = Debug|x86
		{4903D3E4-F6DD-49B8-998B-470277120271}.Debug|Mixed Platforms.Build.0 = Debug|x86
		{4903D3E4-F6DD-49B8-998B-470277120271}.Debug|x64.ActiveCfg = Debug|Any CPU
		{4903D3E4-F6DD-49B8-998B-470277120271}.Debug|x86.ActiveCfg = Debug|x86
		{4903D3E4-F6DD-49B8-998B-470277120271}.Debug|x86.Build.0 = Debug|x86
		{4903D3E4-F6DD-49B8-998B-470277120271}.Release|Any CPU.ActiveCfg = Release|Any CPU
		{4903D3E4-F6DD-49B8-998B-470277120271}.Release|Any CPU.Build.0 = Release|Any CPU
		{4903D3E4-F6DD-49B8-998B-470277120271}.Release|Mixed Platforms.ActiveCfg = Release|x86
		{4903D3E4-F6DD-49B8-998B-470277120271}.Release|Mixed Platforms.Build.0 = Release|x86
		{4903D3E4-F6DD-49B8-998B-470277120271}.Release|x64.ActiveCfg = Release|Any CPU
		{4903D3E4-F6DD-49B8-998B-470277120271}.Release|x86.ActiveCfg = Release|Any CPU
		{7A40F672-96F9-4964-8904-4F62F0579D25}.Debug|Any CPU.ActiveCfg = Debug|Any CPU
		{7A40F672-96F9-4964-8904-4F62F0579D25}.Debug|Any CPU.Build.0 = Debug|Any CPU
		{7A40F672-96F9-4964-8904-4F62F0579D25}.Debug|Mixed Platforms.ActiveCfg = Debug|Any CPU
		{7A40F672-96F9-4964-8904-4F62F0579D25}.Debug|Mixed Platforms.Build.0 = Debug|Any CPU
		{7A40F672-96F9-4964-8904-4F62F0579D25}.Debug|x64.ActiveCfg = Debug|Any CPU
		{7A40F672-96F9-4964-8904-4F62F0579D25}.Debug|x86.ActiveCfg = Debug|Any CPU
		{7A40F672-96F9-4964-8904-4F62F0579D25}.Release|Any CPU.ActiveCfg = Release|Any CPU
		{7A40F672-96F9-4964-8904-4F62F0579D25}.Release|Any CPU.Build.0 = Release|Any CPU
		{7A40F672-96F9-4964-8904-4F62F0579D25}.Release|Mixed Platforms.ActiveCfg = Release|Any CPU
		{7A40F672-96F9-4964-8904-4F62F0579D25}.Release|Mixed Platforms.Build.0 = Release|Any CPU
		{7A40F672-96F9-4964-8904-4F62F0579D25}.Release|x64.ActiveCfg = Release|Any CPU
		{7A40F672-96F9-4964-8904-4F62F0579D25}.Release|x86.ActiveCfg = Release|Any CPU
		{16179376-1E1B-41B1-BE1B-DEFD67D6BB3B}.Debug|Any CPU.ActiveCfg = Debug|Any CPU
		{16179376-1E1B-41B1-BE1B-DEFD67D6BB3B}.Debug|Any CPU.Build.0 = Debug|Any CPU
		{16179376-1E1B-41B1-BE1B-DEFD67D6BB3B}.Debug|Mixed Platforms.ActiveCfg = Debug|Any CPU
		{16179376-1E1B-41B1-BE1B-DEFD67D6BB3B}.Debug|Mixed Platforms.Build.0 = Debug|Any CPU
		{16179376-1E1B-41B1-BE1B-DEFD67D6BB3B}.Debug|x64.ActiveCfg = Debug|Any CPU
		{16179376-1E1B-41B1-BE1B-DEFD67D6BB3B}.Debug|x86.ActiveCfg = Debug|Any CPU
		{16179376-1E1B-41B1-BE1B-DEFD67D6BB3B}.Release|Any CPU.ActiveCfg = Release|Any CPU
		{16179376-1E1B-41B1-BE1B-DEFD67D6BB3B}.Release|Any CPU.Build.0 = Release|Any CPU
		{16179376-1E1B-41B1-BE1B-DEFD67D6BB3B}.Release|Mixed Platforms.ActiveCfg = Release|Any CPU
		{16179376-1E1B-41B1-BE1B-DEFD67D6BB3B}.Release|Mixed Platforms.Build.0 = Release|Any CPU
		{16179376-1E1B-41B1-BE1B-DEFD67D6BB3B}.Release|x64.ActiveCfg = Release|Any CPU
		{16179376-1E1B-41B1-BE1B-DEFD67D6BB3B}.Release|x86.ActiveCfg = Release|Any CPU
		{A216C91D-11AD-4448-B83F-BFE8543FAFEB}.Debug|Any CPU.ActiveCfg = Debug|Any CPU
		{A216C91D-11AD-4448-B83F-BFE8543FAFEB}.Debug|Any CPU.Build.0 = Debug|Any CPU
		{A216C91D-11AD-4448-B83F-BFE8543FAFEB}.Debug|Mixed Platforms.ActiveCfg = Debug|Any CPU
		{A216C91D-11AD-4448-B83F-BFE8543FAFEB}.Debug|Mixed Platforms.Build.0 = Debug|Any CPU
		{A216C91D-11AD-4448-B83F-BFE8543FAFEB}.Debug|x64.ActiveCfg = Debug|Any CPU
		{A216C91D-11AD-4448-B83F-BFE8543FAFEB}.Debug|x86.ActiveCfg = Debug|Any CPU
		{A216C91D-11AD-4448-B83F-BFE8543FAFEB}.Release|Any CPU.ActiveCfg = Release|Any CPU
		{A216C91D-11AD-4448-B83F-BFE8543FAFEB}.Release|Any CPU.Build.0 = Release|Any CPU
		{A216C91D-11AD-4448-B83F-BFE8543FAFEB}.Release|Mixed Platforms.ActiveCfg = Release|Any CPU
		{A216C91D-11AD-4448-B83F-BFE8543FAFEB}.Release|Mixed Platforms.Build.0 = Release|Any CPU
		{A216C91D-11AD-4448-B83F-BFE8543FAFEB}.Release|x64.ActiveCfg = Release|Any CPU
		{A216C91D-11AD-4448-B83F-BFE8543FAFEB}.Release|x86.ActiveCfg = Release|Any CPU
	EndGlobalSection
	GlobalSection(SolutionProperties) = preSolution
		HideSolutionNode = FALSE
	EndGlobalSection
	GlobalSection(NestedProjects) = preSolution
		{73882D44-0194-400A-BCE4-F29D66417DE0} = {136A55B7-BED5-4FC7-8129-DE53386E3FD3}
	EndGlobalSection
EndGlobal
