
Microsoft Visual Studio Solution File, Format Version 12.00
# Visual Studio 2012
Project("{2150E333-8FDC-42A3-9474-1A3956D46DE8}") = ".paket", ".paket", "{1F99576D-964C-49E4-A82A-721AE390BA0C}"
	ProjectSection(SolutionItems) = preProject
		..\..\paket.dependencies = ..\..\paket.dependencies
	EndProjectSection
EndProject
Project("{F2A71F9B-5D33-465A-A702-920D77279786}") = "MatrixMultiply", "MatrixMultiply.fsproj", "{D51DAF7E-094E-45E7-AC6B-BE22DF1C4B4A}"
EndProject
Global
	GlobalSection(SolutionConfigurationPlatforms) = preSolution
		Debug|Any CPU = Debug|Any CPU
		Debug|x64 = Debug|x64
		Debug|x86 = Debug|x86
		Release|Any CPU = Release|Any CPU
		Release|x64 = Release|x64
		Release|x86 = Release|x86
	EndGlobalSection
	GlobalSection(ProjectConfigurationPlatforms) = postSolution
		{D51DAF7E-094E-45E7-AC6B-BE22DF1C4B4A}.Debug|Any CPU.ActiveCfg = Debug|Any CPU
		{D51DAF7E-094E-45E7-AC6B-BE22DF1C4B4A}.Debug|Any CPU.Build.0 = Debug|Any CPU
		{D51DAF7E-094E-45E7-AC6B-BE22DF1C4B4A}.Debug|x64.ActiveCfg = Debug|x64
		{D51DAF7E-094E-45E7-AC6B-BE22DF1C4B4A}.Debug|x64.Build.0 = Debug|x64
		{D51DAF7E-094E-45E7-AC6B-BE22DF1C4B4A}.Debug|x86.ActiveCfg = Debug|x86
		{D51DAF7E-094E-45E7-AC6B-BE22DF1C4B4A}.Debug|x86.Build.0 = Debug|x86
		{D51DAF7E-094E-45E7-AC6B-BE22DF1C4B4A}.Release|Any CPU.ActiveCfg = Release|Any CPU
		{D51DAF7E-094E-45E7-AC6B-BE22DF1C4B4A}.Release|Any CPU.Build.0 = Release|Any CPU
		{D51DAF7E-094E-45E7-AC6B-BE22DF1C4B4A}.Release|x64.ActiveCfg = Release|x64
		{D51DAF7E-094E-45E7-AC6B-BE22DF1C4B4A}.Release|x64.Build.0 = Release|x64
		{D51DAF7E-094E-45E7-AC6B-BE22DF1C4B4A}.Release|x86.ActiveCfg = Release|x86
		{D51DAF7E-094E-45E7-AC6B-BE22DF1C4B4A}.Release|x86.Build.0 = Release|x86
	EndGlobalSection
	GlobalSection(SolutionProperties) = preSolution
		HideSolutionNode = FALSE
	EndGlobalSection
EndGlobal
